// !$*UTF8*$!
{
	archiveVersion = 1;
	classes = {
	};
	objectVersion = 46;
	objects = {

/* Begin PBXBuildFile section */
		012805A517A8E9A8005AA61B /* checkbutton.png in Resources */ = {isa = PBXBuildFile; fileRef = 012805A417A8E9A8005AA61B /* checkbutton.png */; };
		019001AE17ABA61300631C54 /* VSFIndicatorView.m in Sources */ = {isa = PBXBuildFile; fileRef = 019001AD17ABA61300631C54 /* VSFIndicatorView.m */; };
		396042F2179E3B2600DAA8ED /* UIKit.framework in Frameworks */ = {isa = PBXBuildFile; fileRef = 396042F1179E3B2600DAA8ED /* UIKit.framework */; };
		396042F4179E3B2600DAA8ED /* Foundation.framework in Frameworks */ = {isa = PBXBuildFile; fileRef = 396042F3179E3B2600DAA8ED /* Foundation.framework */; };
		396042F6179E3B2600DAA8ED /* CoreGraphics.framework in Frameworks */ = {isa = PBXBuildFile; fileRef = 396042F5179E3B2600DAA8ED /* CoreGraphics.framework */; };
		396042FC179E3B2600DAA8ED /* InfoPlist.strings in Resources */ = {isa = PBXBuildFile; fileRef = 396042FA179E3B2600DAA8ED /* InfoPlist.strings */; };
		396042FE179E3B2600DAA8ED /* main.m in Sources */ = {isa = PBXBuildFile; fileRef = 396042FD179E3B2600DAA8ED /* main.m */; };
		39604302179E3B2600DAA8ED /* VSFAppDelegate.m in Sources */ = {isa = PBXBuildFile; fileRef = 39604301179E3B2600DAA8ED /* VSFAppDelegate.m */; };
		3960430B179E3B2600DAA8ED /* MainStoryboard.storyboard in Resources */ = {isa = PBXBuildFile; fileRef = 39604309179E3B2600DAA8ED /* MainStoryboard.storyboard */; };
		3960430E179E3B2600DAA8ED /* VSFViewController.m in Sources */ = {isa = PBXBuildFile; fileRef = 3960430D179E3B2600DAA8ED /* VSFViewController.m */; };
		39B5FCDF17AEFB480075E1E7 /* Threads.cpp in Sources */ = {isa = PBXBuildFile; fileRef = 39B5FCC517AEFB480075E1E7 /* Threads.cpp */; };
		39B5FCE017AEFB480075E1E7 /* VsfMain.cpp in Sources */ = {isa = PBXBuildFile; fileRef = 39B5FCC717AEFB480075E1E7 /* VsfMain.cpp */; };
		3F4395E1179EAB630062D9C9 /* JSONKit.m in Sources */ = {isa = PBXBuildFile; fileRef = 3F4395E0179EAB630062D9C9 /* JSONKit.m */; settings = {COMPILER_FLAGS = "-fno-objc-arc"; }; };
		3F439603179EBBAC0062D9C9 /* ASIAuthenticationDialog.m in Sources */ = {isa = PBXBuildFile; fileRef = 3F4395EF179EBBAC0062D9C9 /* ASIAuthenticationDialog.m */; settings = {COMPILER_FLAGS = "-fno-objc-arc"; }; };
		3F439604179EBBAC0062D9C9 /* ASIDataCompressor.m in Sources */ = {isa = PBXBuildFile; fileRef = 3F4395F2179EBBAC0062D9C9 /* ASIDataCompressor.m */; settings = {COMPILER_FLAGS = "-fno-objc-arc"; }; };
		3F439605179EBBAC0062D9C9 /* ASIDataDecompressor.m in Sources */ = {isa = PBXBuildFile; fileRef = 3F4395F4179EBBAC0062D9C9 /* ASIDataDecompressor.m */; settings = {COMPILER_FLAGS = "-fno-objc-arc"; }; };
		3F439606179EBBAC0062D9C9 /* ASIDownloadCache.m in Sources */ = {isa = PBXBuildFile; fileRef = 3F4395F6179EBBAC0062D9C9 /* ASIDownloadCache.m */; settings = {COMPILER_FLAGS = "-fno-objc-arc"; }; };
		3F439607179EBBAC0062D9C9 /* ASIFormDataRequest.m in Sources */ = {isa = PBXBuildFile; fileRef = 3F4395F8179EBBAC0062D9C9 /* ASIFormDataRequest.m */; settings = {COMPILER_FLAGS = "-fno-objc-arc"; }; };
		3F439608179EBBAC0062D9C9 /* ASIHTTPRequest.m in Sources */ = {isa = PBXBuildFile; fileRef = 3F4395FA179EBBAC0062D9C9 /* ASIHTTPRequest.m */; settings = {COMPILER_FLAGS = "-fno-objc-arc"; }; };
		3F439609179EBBAC0062D9C9 /* ASIInputStream.m in Sources */ = {isa = PBXBuildFile; fileRef = 3F4395FE179EBBAC0062D9C9 /* ASIInputStream.m */; settings = {COMPILER_FLAGS = "-fno-objc-arc"; }; };
		3F43960A179EBBAC0062D9C9 /* ASINetworkQueue.m in Sources */ = {isa = PBXBuildFile; fileRef = 3F439600179EBBAC0062D9C9 /* ASINetworkQueue.m */; settings = {COMPILER_FLAGS = "-fno-objc-arc"; }; };
		3F43960C179EBDA10062D9C9 /* CFNetwork.framework in Frameworks */ = {isa = PBXBuildFile; fileRef = 3F43960B179EBDA00062D9C9 /* CFNetwork.framework */; };
		3F43960E179EBDB80062D9C9 /* SystemConfiguration.framework in Frameworks */ = {isa = PBXBuildFile; fileRef = 3F43960D179EBDB80062D9C9 /* SystemConfiguration.framework */; };
		3F439610179EBDBD0062D9C9 /* MobileCoreServices.framework in Frameworks */ = {isa = PBXBuildFile; fileRef = 3F43960F179EBDBD0062D9C9 /* MobileCoreServices.framework */; };
		3F439612179EBDEC0062D9C9 /* libz.1.2.5.dylib in Frameworks */ = {isa = PBXBuildFile; fileRef = 3F439611179EBDEC0062D9C9 /* libz.1.2.5.dylib */; };
		3F43963E179EC5B70062D9C9 /* VSFLoginProcess.m in Sources */ = {isa = PBXBuildFile; fileRef = 3F439636179EC5B70062D9C9 /* VSFLoginProcess.m */; };
		3F439640179EC5B70062D9C9 /* VSFLoginViewController.m in Sources */ = {isa = PBXBuildFile; fileRef = 3F43963A179EC5B70062D9C9 /* VSFLoginViewController.m */; };
		3F439641179EC5B70062D9C9 /* VSFSignUpViewController.m in Sources */ = {isa = PBXBuildFile; fileRef = 3F43963D179EC5B70062D9C9 /* VSFSignUpViewController.m */; };
		3F439647179EC6080062D9C9 /* VSFSignUpProcess.m in Sources */ = {isa = PBXBuildFile; fileRef = 3F439646179EC6080062D9C9 /* VSFSignUpProcess.m */; };
		3F43964C179ECC660062D9C9 /* VSFResponseEntity.m in Sources */ = {isa = PBXBuildFile; fileRef = 3F43964B179ECC660062D9C9 /* VSFResponseEntity.m */; };
		3F61683D17A2CA1100496BC8 /* bg_1.jpg in Resources */ = {isa = PBXBuildFile; fileRef = 3F61683C17A2CA1100496BC8 /* bg_1.jpg */; };
		40750AA217A1388700C5B99F /* VSFScoreboardView.m in Sources */ = {isa = PBXBuildFile; fileRef = 40750AA117A1388700C5B99F /* VSFScoreboardView.m */; };
		40750AA917A2509D00C5B99F /* VSFLoginResponseEntity.m in Sources */ = {isa = PBXBuildFile; fileRef = 40750AA817A2509D00C5B99F /* VSFLoginResponseEntity.m */; };
		40750AAC17A2512000C5B99F /* VSFSignUpResponseEntity.m in Sources */ = {isa = PBXBuildFile; fileRef = 40750AAB17A2512000C5B99F /* VSFSignUpResponseEntity.m */; };
		40750AAF17A251AD00C5B99F /* VSFResendEmailNotificationResponseEntity.m in Sources */ = {isa = PBXBuildFile; fileRef = 40750AAE17A251AD00C5B99F /* VSFResendEmailNotificationResponseEntity.m */; };
		40750AB217A2524000C5B99F /* VSFForgotPasswordResponseEntity.m in Sources */ = {isa = PBXBuildFile; fileRef = 40750AB117A2524000C5B99F /* VSFForgotPasswordResponseEntity.m */; };
		40A72BBC17A672FF00429175 /* add_icon.png in Resources */ = {isa = PBXBuildFile; fileRef = 40A72BBA17A672FF00429175 /* add_icon.png */; };
		40A72BBD17A672FF00429175 /* menu_icon.png in Resources */ = {isa = PBXBuildFile; fileRef = 40A72BBB17A672FF00429175 /* menu_icon.png */; };
		40A732CA17AA40AF00429175 /* DDMenuController.m in Sources */ = {isa = PBXBuildFile; fileRef = 40A732C917AA40AF00429175 /* DDMenuController.m */; };
		40A732D317AA5D9400429175 /* chat_icon.png in Resources */ = {isa = PBXBuildFile; fileRef = 40A732D117AA5D9400429175 /* chat_icon.png */; };
		40A732D417AA5D9400429175 /* nav_menu_icon@2x.png in Resources */ = {isa = PBXBuildFile; fileRef = 40A732D217AA5D9400429175 /* nav_menu_icon@2x.png */; };
		40A732D617AB801F00429175 /* FacebookSDK.framework in Frameworks */ = {isa = PBXBuildFile; fileRef = 40A732D517AB801F00429175 /* FacebookSDK.framework */; };
		40A83C50179ED12700198B81 /* Reachability.m in Sources */ = {isa = PBXBuildFile; fileRef = 40A83C4F179ED12700198B81 /* Reachability.m */; settings = {COMPILER_FLAGS = "-fno-objc-arc"; }; };
		40A83C59179ED4C100198B81 /* VSFNetwork.m in Sources */ = {isa = PBXBuildFile; fileRef = 40A83C57179ED4C100198B81 /* VSFNetwork.m */; };
		40A83C5D179EE03A00198B81 /* VSFUtility.m in Sources */ = {isa = PBXBuildFile; fileRef = 40A83C5C179EE03A00198B81 /* VSFUtility.m */; };
		40A83C72179FBCF300198B81 /* VSFSignUpEntity.m in Sources */ = {isa = PBXBuildFile; fileRef = 40A83C70179FBCF200198B81 /* VSFSignUpEntity.m */; };
		6920582317A7861700AECC4F /* VSFScoreView.m in Sources */ = {isa = PBXBuildFile; fileRef = 6920582217A7861700AECC4F /* VSFScoreView.m */; };
		6920582717A7931A00AECC4F /* blackCircle.png in Resources */ = {isa = PBXBuildFile; fileRef = 6920582517A7931A00AECC4F /* blackCircle.png */; };
		6920582817A7931A00AECC4F /* orange_circle.png in Resources */ = {isa = PBXBuildFile; fileRef = 6920582617A7931A00AECC4F /* orange_circle.png */; };
		6920582C17A7A8E300AECC4F /* VSFGameSummaryViewController.m in Sources */ = {isa = PBXBuildFile; fileRef = 6920582B17A7A8E300AECC4F /* VSFGameSummaryViewController.m */; };
		6920583017A7A92500AECC4F /* VSFPlaySelectionViewController.m in Sources */ = {isa = PBXBuildFile; fileRef = 6920582F17A7A92500AECC4F /* VSFPlaySelectionViewController.m */; };
		6920583317A7A94500AECC4F /* VSFPlaySelectionProcess.m in Sources */ = {isa = PBXBuildFile; fileRef = 6920583217A7A94500AECC4F /* VSFPlaySelectionProcess.m */; };
		6920583917A7AA0B00AECC4F /* VSFPlayOutcome.m in Sources */ = {isa = PBXBuildFile; fileRef = 6920583817A7AA0B00AECC4F /* VSFPlayOutcome.m */; };
		6920583F17A7C72400AECC4F /* VSFGameSummaryView.m in Sources */ = {isa = PBXBuildFile; fileRef = 6920583E17A7C72300AECC4F /* VSFGameSummaryView.m */; };
		6920584C17A8E03E00AECC4F /* VSFGameSummaryProcess.m in Sources */ = {isa = PBXBuildFile; fileRef = 6920584B17A8E03E00AECC4F /* VSFGameSummaryProcess.m */; };
		6920584F17A8E08700AECC4F /* VSFForgotPasswordViewController.m in Sources */ = {isa = PBXBuildFile; fileRef = 6920584E17A8E08700AECC4F /* VSFForgotPasswordViewController.m */; };
		6920585617A8E0D100AECC4F /* VSFStartNewGameViewController.m in Sources */ = {isa = PBXBuildFile; fileRef = 6920585517A8E0D100AECC4F /* VSFStartNewGameViewController.m */; };
		6920585917A8E0E900AECC4F /* VSFStartNewGameProcess.m in Sources */ = {isa = PBXBuildFile; fileRef = 6920585817A8E0E900AECC4F /* VSFStartNewGameProcess.m */; };
		6920585C17A8E10D00AECC4F /* VSFForgotPasswordProcess.m in Sources */ = {isa = PBXBuildFile; fileRef = 6920585B17A8E10D00AECC4F /* VSFForgotPasswordProcess.m */; };
		6920586C17A905BD00AECC4F /* EGORefreshTableHeaderView.m in Sources */ = {isa = PBXBuildFile; fileRef = 6920586B17A905BD00AECC4F /* EGORefreshTableHeaderView.m */; };
		6920587517A9063200AECC4F /* blackArrow.png in Resources */ = {isa = PBXBuildFile; fileRef = 6920586D17A9063200AECC4F /* blackArrow.png */; };
		6920587617A9063200AECC4F /* blackArrow@2x.png in Resources */ = {isa = PBXBuildFile; fileRef = 6920586E17A9063200AECC4F /* blackArrow@2x.png */; };
		6920587717A9063200AECC4F /* blueArrow.png in Resources */ = {isa = PBXBuildFile; fileRef = 6920586F17A9063200AECC4F /* blueArrow.png */; };
		6920587817A9063200AECC4F /* blueArrow@2x.png in Resources */ = {isa = PBXBuildFile; fileRef = 6920587017A9063200AECC4F /* blueArrow@2x.png */; };
		6920587917A9063200AECC4F /* grayArrow.png in Resources */ = {isa = PBXBuildFile; fileRef = 6920587117A9063200AECC4F /* grayArrow.png */; };
		6920587A17A9063200AECC4F /* grayArrow@2x.png in Resources */ = {isa = PBXBuildFile; fileRef = 6920587217A9063200AECC4F /* grayArrow@2x.png */; };
		6920587B17A9063200AECC4F /* whiteArrow.png in Resources */ = {isa = PBXBuildFile; fileRef = 6920587317A9063200AECC4F /* whiteArrow.png */; };
		6920587C17A9063200AECC4F /* whiteArrow@2x.png in Resources */ = {isa = PBXBuildFile; fileRef = 6920587417A9063200AECC4F /* whiteArrow@2x.png */; };
		6920588917A91B8F00AECC4F /* 0.png in Resources */ = {isa = PBXBuildFile; fileRef = 6920587D17A91B8F00AECC4F /* 0.png */; };
		6920588A17A91B8F00AECC4F /* 1.png in Resources */ = {isa = PBXBuildFile; fileRef = 6920587E17A91B8F00AECC4F /* 1.png */; };
		6920588B17A91B8F00AECC4F /* 2.png in Resources */ = {isa = PBXBuildFile; fileRef = 6920587F17A91B8F00AECC4F /* 2.png */; };
		6920588C17A91B8F00AECC4F /* 3.png in Resources */ = {isa = PBXBuildFile; fileRef = 6920588017A91B8F00AECC4F /* 3.png */; };
		6920588D17A91B8F00AECC4F /* 4.png in Resources */ = {isa = PBXBuildFile; fileRef = 6920588117A91B8F00AECC4F /* 4.png */; };
		6920588E17A91B8F00AECC4F /* 5.png in Resources */ = {isa = PBXBuildFile; fileRef = 6920588217A91B8F00AECC4F /* 5.png */; };
		6920588F17A91B8F00AECC4F /* 6.png in Resources */ = {isa = PBXBuildFile; fileRef = 6920588317A91B8F00AECC4F /* 6.png */; };
		6920589017A91B8F00AECC4F /* 7.png in Resources */ = {isa = PBXBuildFile; fileRef = 6920588417A91B8F00AECC4F /* 7.png */; };
		6920589117A91B8F00AECC4F /* 8.png in Resources */ = {isa = PBXBuildFile; fileRef = 6920588517A91B8F00AECC4F /* 8.png */; };
		6920589217A91B8F00AECC4F /* 9.png in Resources */ = {isa = PBXBuildFile; fileRef = 6920588617A91B8F00AECC4F /* 9.png */; };
		6920589317A91B8F00AECC4F /* border.png in Resources */ = {isa = PBXBuildFile; fileRef = 6920588717A91B8F00AECC4F /* border.png */; };
		6920589F17A925DE00AECC4F /* VSFCustomSegmentedControl.m in Sources */ = {isa = PBXBuildFile; fileRef = 6920589E17A925DD00AECC4F /* VSFCustomSegmentedControl.m */; };
		692058B117AA18CD00AECC4F /* summary.png in Resources */ = {isa = PBXBuildFile; fileRef = 692058B017AA18CD00AECC4F /* summary.png */; };
		692058B817AA49CE00AECC4F /* board.png in Resources */ = {isa = PBXBuildFile; fileRef = 692058B717AA49CE00AECC4F /* board.png */; };
		692058BA17AA49D900AECC4F /* tactics.png in Resources */ = {isa = PBXBuildFile; fileRef = 692058B917AA49D900AECC4F /* tactics.png */; };
		692058D117AA6C8900AECC4F /* VSFPlayOutcomeViewController.m in Sources */ = {isa = PBXBuildFile; fileRef = 692058D017AA6C8900AECC4F /* VSFPlayOutcomeViewController.m */; };
		692058E717AA87F500AECC4F /* Default.png in Resources */ = {isa = PBXBuildFile; fileRef = 692058E617AA87F500AECC4F /* Default.png */; };
		692058E917AA881100AECC4F /* Default@2x.png in Resources */ = {isa = PBXBuildFile; fileRef = 692058E817AA881100AECC4F /* Default@2x.png */; };
		692058EB17AA881A00AECC4F /* Default-568h@2x.png in Resources */ = {isa = PBXBuildFile; fileRef = 692058EA17AA881A00AECC4F /* Default-568h@2x.png */; };
		692058ED17AA88AC00AECC4F /* no_number.png in Resources */ = {isa = PBXBuildFile; fileRef = 692058EC17AA88AC00AECC4F /* no_number.png */; };
		695EEF5517AB8D9900E54ECF /* VSFFeedBackViewController.m in Sources */ = {isa = PBXBuildFile; fileRef = 695EEF5417AB8D9900E54ECF /* VSFFeedBackViewController.m */; };
		695EEF5817AB8DB700E54ECF /* VSFFeedBackProcess.m in Sources */ = {isa = PBXBuildFile; fileRef = 695EEF5717AB8DB700E54ECF /* VSFFeedBackProcess.m */; };
		695EEF5B17AB8F7000E54ECF /* VSFPlayOutcomeProcess.m in Sources */ = {isa = PBXBuildFile; fileRef = 695EEF5A17AB8F7000E54ECF /* VSFPlayOutcomeProcess.m */; };
		695EEF6117ABA50000E54ECF /* VSFPlayComboViewController.m in Sources */ = {isa = PBXBuildFile; fileRef = 695EEF6017ABA50000E54ECF /* VSFPlayComboViewController.m */; };
		695EEF6417ABA51100E54ECF /* VSFPlayAnimationViewController.m in Sources */ = {isa = PBXBuildFile; fileRef = 695EEF6317ABA51100E54ECF /* VSFPlayAnimationViewController.m */; };
		695EEF6717ABA52B00E54ECF /* VSFPlayComboProcess.m in Sources */ = {isa = PBXBuildFile; fileRef = 695EEF6617ABA52B00E54ECF /* VSFPlayComboProcess.m */; };
		695EEF7217ABCD0200E54ECF /* 57.png in Resources */ = {isa = PBXBuildFile; fileRef = 695EEF7017ABCD0200E54ECF /* 57.png */; };
		695EEF7717ABCFD700E54ECF /* 114.png in Resources */ = {isa = PBXBuildFile; fileRef = 695EEF7617ABCFD700E54ECF /* 114.png */; };
		6960B66717AF6EE50058387D /* VSFOptionsViewController.m in Sources */ = {isa = PBXBuildFile; fileRef = 6960B66617AF6EE50058387D /* VSFOptionsViewController.m */; };
		6960B66D17AF709B0058387D /* VSFOptionsProcess.m in Sources */ = {isa = PBXBuildFile; fileRef = 6960B66C17AF709B0058387D /* VSFOptionsProcess.m */; };
		6960B67117AF70CA0058387D /* VSFFacebookFriendsProcess.m in Sources */ = {isa = PBXBuildFile; fileRef = 6960B67017AF70CA0058387D /* VSFFacebookFriendsProcess.m */; };
		6960B67417AF70E70058387D /* VSFFacebookFriendsViewController.m in Sources */ = {isa = PBXBuildFile; fileRef = 6960B67317AF70E70058387D /* VSFFacebookFriendsViewController.m */; };
		6960B67817AF71370058387D /* VSFEmailViewController.m in Sources */ = {isa = PBXBuildFile; fileRef = 6960B67717AF71370058387D /* VSFEmailViewController.m */; };
		6960B67B17AF714E0058387D /* VSFEmailProcess.m in Sources */ = {isa = PBXBuildFile; fileRef = 6960B67A17AF714E0058387D /* VSFEmailProcess.m */; };
		6960B69617B098E30058387D /* VSFContactsProcess.m in Sources */ = {isa = PBXBuildFile; fileRef = 6960B69517B098E30058387D /* VSFContactsProcess.m */; };
		6960B69917B098F60058387D /* VSFContactsViewController.m in Sources */ = {isa = PBXBuildFile; fileRef = 6960B69817B098F60058387D /* VSFContactsViewController.m */; };
		698A6F0C17A10F1F00BC1B05 /* Security.framework in Frameworks */ = {isa = PBXBuildFile; fileRef = 698A6F0B17A10F1F00BC1B05 /* Security.framework */; };
		698A6F1317A1165B00BC1B05 /* libFlurry_4.2.2.a in Frameworks */ = {isa = PBXBuildFile; fileRef = 698A6F1217A1165B00BC1B05 /* libFlurry_4.2.2.a */; };
		698A6F1A17A1189C00BC1B05 /* VSFNavigationController.m in Sources */ = {isa = PBXBuildFile; fileRef = 698A6F1917A1189B00BC1B05 /* VSFNavigationController.m */; };
		698A6F2217A11AB900BC1B05 /* VSFHomeViewController.m in Sources */ = {isa = PBXBuildFile; fileRef = 698A6F2117A11AB900BC1B05 /* VSFHomeViewController.m */; };
		698A6F2517A11ACE00BC1B05 /* VSFPlaybookViewController.m in Sources */ = {isa = PBXBuildFile; fileRef = 698A6F2417A11ACE00BC1B05 /* VSFPlaybookViewController.m */; };
		698A6F2817A11AE900BC1B05 /* VSFPlaybookProcess.m in Sources */ = {isa = PBXBuildFile; fileRef = 698A6F2717A11AE800BC1B05 /* VSFPlaybookProcess.m */; };
		698A6F2B17A11AFF00BC1B05 /* VSFHomeProcess.m in Sources */ = {isa = PBXBuildFile; fileRef = 698A6F2A17A11AFF00BC1B05 /* VSFHomeProcess.m */; };
		698A6F2F17A11E9900BC1B05 /* VSFSingleton.m in Sources */ = {isa = PBXBuildFile; fileRef = 698A6F2E17A11E9900BC1B05 /* VSFSingleton.m */; };
		698A6F3317A1225500BC1B05 /* QuartzCore.framework in Frameworks */ = {isa = PBXBuildFile; fileRef = 698A6F3217A1225500BC1B05 /* QuartzCore.framework */; };
		69AF163C17A64F4F008B93DC /* VSFVerifyEmailView.m in Sources */ = {isa = PBXBuildFile; fileRef = 69AF163B17A64F4E008B93DC /* VSFVerifyEmailView.m */; };
		69AF164717A66228008B93DC /* VSFPlaylistCell.m in Sources */ = {isa = PBXBuildFile; fileRef = 69AF164617A66228008B93DC /* VSFPlaylistCell.m */; };
		69AF165C17A68F6D008B93DC /* VSFADBannerView.m in Sources */ = {isa = PBXBuildFile; fileRef = 69AF165B17A68F6D008B93DC /* VSFADBannerView.m */; };
		69CF3CF317A1351B0034BE22 /* VSFStoreProcess.m in Sources */ = {isa = PBXBuildFile; fileRef = 69CF3CF217A1351B0034BE22 /* VSFStoreProcess.m */; };
/* End PBXBuildFile section */

/* Begin PBXFileReference section */
		012805A417A8E9A8005AA61B /* checkbutton.png */ = {isa = PBXFileReference; lastKnownFileType = image.png; path = checkbutton.png; sourceTree = "<group>"; };
		019001AD17ABA61300631C54 /* VSFIndicatorView.m */ = {isa = PBXFileReference; fileEncoding = 4; lastKnownFileType = sourcecode.c.objc; path = VSFIndicatorView.m; sourceTree = "<group>"; };
		019001AF17ABA61D00631C54 /* VSFIndicatorView.h */ = {isa = PBXFileReference; fileEncoding = 4; lastKnownFileType = sourcecode.c.h; path = VSFIndicatorView.h; sourceTree = "<group>"; };
		396042EE179E3B2600DAA8ED /* VsFootball.app */ = {isa = PBXFileReference; explicitFileType = wrapper.application; includeInIndex = 0; path = VsFootball.app; sourceTree = BUILT_PRODUCTS_DIR; };
		396042F1179E3B2600DAA8ED /* UIKit.framework */ = {isa = PBXFileReference; lastKnownFileType = wrapper.framework; name = UIKit.framework; path = System/Library/Frameworks/UIKit.framework; sourceTree = SDKROOT; };
		396042F3179E3B2600DAA8ED /* Foundation.framework */ = {isa = PBXFileReference; lastKnownFileType = wrapper.framework; name = Foundation.framework; path = System/Library/Frameworks/Foundation.framework; sourceTree = SDKROOT; };
		396042F5179E3B2600DAA8ED /* CoreGraphics.framework */ = {isa = PBXFileReference; lastKnownFileType = wrapper.framework; name = CoreGraphics.framework; path = System/Library/Frameworks/CoreGraphics.framework; sourceTree = SDKROOT; };
		396042F9179E3B2600DAA8ED /* VsFootball-Info.plist */ = {isa = PBXFileReference; lastKnownFileType = text.plist.xml; path = "VsFootball-Info.plist"; sourceTree = "<group>"; };
		396042FB179E3B2600DAA8ED /* en */ = {isa = PBXFileReference; lastKnownFileType = text.plist.strings; name = en; path = en.lproj/InfoPlist.strings; sourceTree = "<group>"; };
		396042FD179E3B2600DAA8ED /* main.m */ = {isa = PBXFileReference; lastKnownFileType = sourcecode.c.objc; path = main.m; sourceTree = "<group>"; };
		396042FF179E3B2600DAA8ED /* VsFootball-Prefix.pch */ = {isa = PBXFileReference; lastKnownFileType = sourcecode.c.h; path = "VsFootball-Prefix.pch"; sourceTree = "<group>"; };
		39604300179E3B2600DAA8ED /* VSFAppDelegate.h */ = {isa = PBXFileReference; lastKnownFileType = sourcecode.c.h; path = VSFAppDelegate.h; sourceTree = "<group>"; };
		39604301179E3B2600DAA8ED /* VSFAppDelegate.m */ = {isa = PBXFileReference; lastKnownFileType = sourcecode.c.objc; path = VSFAppDelegate.m; sourceTree = "<group>"; };
		39604303179E3B2600DAA8ED /* Default.png */ = {isa = PBXFileReference; lastKnownFileType = image.png; path = Default.png; sourceTree = "<group>"; };
		39604305179E3B2600DAA8ED /* Default@2x.png */ = {isa = PBXFileReference; lastKnownFileType = image.png; path = "Default@2x.png"; sourceTree = "<group>"; };
		39604307179E3B2600DAA8ED /* Default-568h@2x.png */ = {isa = PBXFileReference; lastKnownFileType = image.png; path = "Default-568h@2x.png"; sourceTree = "<group>"; };
		3960430A179E3B2600DAA8ED /* en */ = {isa = PBXFileReference; lastKnownFileType = file.storyboard; name = en; path = en.lproj/MainStoryboard.storyboard; sourceTree = "<group>"; };
		3960430C179E3B2600DAA8ED /* VSFViewController.h */ = {isa = PBXFileReference; lastKnownFileType = sourcecode.c.h; path = VSFViewController.h; sourceTree = "<group>"; };
		3960430D179E3B2600DAA8ED /* VSFViewController.m */ = {isa = PBXFileReference; lastKnownFileType = sourcecode.c.objc; path = VSFViewController.m; sourceTree = "<group>"; };
		39B5FCC517AEFB480075E1E7 /* Threads.cpp */ = {isa = PBXFileReference; fileEncoding = 4; lastKnownFileType = sourcecode.cpp.cpp; path = Threads.cpp; sourceTree = "<group>"; };
		39B5FCC617AEFB480075E1E7 /* Threads.h */ = {isa = PBXFileReference; fileEncoding = 4; lastKnownFileType = sourcecode.c.h; path = Threads.h; sourceTree = "<group>"; };
		39B5FCC717AEFB480075E1E7 /* VsfMain.cpp */ = {isa = PBXFileReference; fileEncoding = 4; lastKnownFileType = sourcecode.cpp.cpp; path = VsfMain.cpp; sourceTree = "<group>"; };
		39B5FCC817AEFB480075E1E7 /* VsfMain.h */ = {isa = PBXFileReference; fileEncoding = 4; lastKnownFileType = sourcecode.c.h; path = VsfMain.h; sourceTree = "<group>"; };
		3F4395DF179EAB630062D9C9 /* JSONKit.h */ = {isa = PBXFileReference; fileEncoding = 4; lastKnownFileType = sourcecode.c.h; path = JSONKit.h; sourceTree = "<group>"; };
		3F4395E0179EAB630062D9C9 /* JSONKit.m */ = {isa = PBXFileReference; fileEncoding = 4; lastKnownFileType = sourcecode.c.objc; path = JSONKit.m; sourceTree = "<group>"; };
		3F4395EE179EBBAC0062D9C9 /* ASIAuthenticationDialog.h */ = {isa = PBXFileReference; fileEncoding = 4; lastKnownFileType = sourcecode.c.h; path = ASIAuthenticationDialog.h; sourceTree = "<group>"; };
		3F4395EF179EBBAC0062D9C9 /* ASIAuthenticationDialog.m */ = {isa = PBXFileReference; fileEncoding = 4; lastKnownFileType = sourcecode.c.objc; path = ASIAuthenticationDialog.m; sourceTree = "<group>"; };
		3F4395F0179EBBAC0062D9C9 /* ASICacheDelegate.h */ = {isa = PBXFileReference; fileEncoding = 4; lastKnownFileType = sourcecode.c.h; path = ASICacheDelegate.h; sourceTree = "<group>"; };
		3F4395F1179EBBAC0062D9C9 /* ASIDataCompressor.h */ = {isa = PBXFileReference; fileEncoding = 4; lastKnownFileType = sourcecode.c.h; path = ASIDataCompressor.h; sourceTree = "<group>"; };
		3F4395F2179EBBAC0062D9C9 /* ASIDataCompressor.m */ = {isa = PBXFileReference; fileEncoding = 4; lastKnownFileType = sourcecode.c.objc; path = ASIDataCompressor.m; sourceTree = "<group>"; };
		3F4395F3179EBBAC0062D9C9 /* ASIDataDecompressor.h */ = {isa = PBXFileReference; fileEncoding = 4; lastKnownFileType = sourcecode.c.h; path = ASIDataDecompressor.h; sourceTree = "<group>"; };
		3F4395F4179EBBAC0062D9C9 /* ASIDataDecompressor.m */ = {isa = PBXFileReference; fileEncoding = 4; lastKnownFileType = sourcecode.c.objc; path = ASIDataDecompressor.m; sourceTree = "<group>"; };
		3F4395F5179EBBAC0062D9C9 /* ASIDownloadCache.h */ = {isa = PBXFileReference; fileEncoding = 4; lastKnownFileType = sourcecode.c.h; path = ASIDownloadCache.h; sourceTree = "<group>"; };
		3F4395F6179EBBAC0062D9C9 /* ASIDownloadCache.m */ = {isa = PBXFileReference; fileEncoding = 4; lastKnownFileType = sourcecode.c.objc; path = ASIDownloadCache.m; sourceTree = "<group>"; };
		3F4395F7179EBBAC0062D9C9 /* ASIFormDataRequest.h */ = {isa = PBXFileReference; fileEncoding = 4; lastKnownFileType = sourcecode.c.h; path = ASIFormDataRequest.h; sourceTree = "<group>"; };
		3F4395F8179EBBAC0062D9C9 /* ASIFormDataRequest.m */ = {isa = PBXFileReference; fileEncoding = 4; lastKnownFileType = sourcecode.c.objc; path = ASIFormDataRequest.m; sourceTree = "<group>"; };
		3F4395F9179EBBAC0062D9C9 /* ASIHTTPRequest.h */ = {isa = PBXFileReference; fileEncoding = 4; lastKnownFileType = sourcecode.c.h; path = ASIHTTPRequest.h; sourceTree = "<group>"; };
		3F4395FA179EBBAC0062D9C9 /* ASIHTTPRequest.m */ = {isa = PBXFileReference; fileEncoding = 4; lastKnownFileType = sourcecode.c.objc; path = ASIHTTPRequest.m; sourceTree = "<group>"; };
		3F4395FB179EBBAC0062D9C9 /* ASIHTTPRequestConfig.h */ = {isa = PBXFileReference; fileEncoding = 4; lastKnownFileType = sourcecode.c.h; path = ASIHTTPRequestConfig.h; sourceTree = "<group>"; };
		3F4395FC179EBBAC0062D9C9 /* ASIHTTPRequestDelegate.h */ = {isa = PBXFileReference; fileEncoding = 4; lastKnownFileType = sourcecode.c.h; path = ASIHTTPRequestDelegate.h; sourceTree = "<group>"; };
		3F4395FD179EBBAC0062D9C9 /* ASIInputStream.h */ = {isa = PBXFileReference; fileEncoding = 4; lastKnownFileType = sourcecode.c.h; path = ASIInputStream.h; sourceTree = "<group>"; };
		3F4395FE179EBBAC0062D9C9 /* ASIInputStream.m */ = {isa = PBXFileReference; fileEncoding = 4; lastKnownFileType = sourcecode.c.objc; path = ASIInputStream.m; sourceTree = "<group>"; };
		3F4395FF179EBBAC0062D9C9 /* ASINetworkQueue.h */ = {isa = PBXFileReference; fileEncoding = 4; lastKnownFileType = sourcecode.c.h; path = ASINetworkQueue.h; sourceTree = "<group>"; };
		3F439600179EBBAC0062D9C9 /* ASINetworkQueue.m */ = {isa = PBXFileReference; fileEncoding = 4; lastKnownFileType = sourcecode.c.objc; path = ASINetworkQueue.m; sourceTree = "<group>"; };
		3F439601179EBBAC0062D9C9 /* ASIProgressDelegate.h */ = {isa = PBXFileReference; fileEncoding = 4; lastKnownFileType = sourcecode.c.h; path = ASIProgressDelegate.h; sourceTree = "<group>"; };
		3F43960B179EBDA00062D9C9 /* CFNetwork.framework */ = {isa = PBXFileReference; lastKnownFileType = wrapper.framework; name = CFNetwork.framework; path = System/Library/Frameworks/CFNetwork.framework; sourceTree = SDKROOT; };
		3F43960D179EBDB80062D9C9 /* SystemConfiguration.framework */ = {isa = PBXFileReference; lastKnownFileType = wrapper.framework; name = SystemConfiguration.framework; path = System/Library/Frameworks/SystemConfiguration.framework; sourceTree = SDKROOT; };
		3F43960F179EBDBD0062D9C9 /* MobileCoreServices.framework */ = {isa = PBXFileReference; lastKnownFileType = wrapper.framework; name = MobileCoreServices.framework; path = System/Library/Frameworks/MobileCoreServices.framework; sourceTree = SDKROOT; };
		3F439611179EBDEC0062D9C9 /* libz.1.2.5.dylib */ = {isa = PBXFileReference; lastKnownFileType = "compiled.mach-o.dylib"; name = libz.1.2.5.dylib; path = usr/lib/libz.1.2.5.dylib; sourceTree = SDKROOT; };
		3F439635179EC5B70062D9C9 /* VSFLoginProcess.h */ = {isa = PBXFileReference; fileEncoding = 4; lastKnownFileType = sourcecode.c.h; path = VSFLoginProcess.h; sourceTree = "<group>"; };
		3F439636179EC5B70062D9C9 /* VSFLoginProcess.m */ = {isa = PBXFileReference; fileEncoding = 4; lastKnownFileType = sourcecode.c.objc; path = VSFLoginProcess.m; sourceTree = "<group>"; };
		3F439639179EC5B70062D9C9 /* VSFLoginViewController.h */ = {isa = PBXFileReference; fileEncoding = 4; lastKnownFileType = sourcecode.c.h; path = VSFLoginViewController.h; sourceTree = "<group>"; };
		3F43963A179EC5B70062D9C9 /* VSFLoginViewController.m */ = {isa = PBXFileReference; fileEncoding = 4; lastKnownFileType = sourcecode.c.objc; path = VSFLoginViewController.m; sourceTree = "<group>"; };
		3F43963C179EC5B70062D9C9 /* VSFSignUpViewController.h */ = {isa = PBXFileReference; fileEncoding = 4; lastKnownFileType = sourcecode.c.h; path = VSFSignUpViewController.h; sourceTree = "<group>"; };
		3F43963D179EC5B70062D9C9 /* VSFSignUpViewController.m */ = {isa = PBXFileReference; fileEncoding = 4; lastKnownFileType = sourcecode.c.objc; path = VSFSignUpViewController.m; sourceTree = "<group>"; };
		3F439645179EC6080062D9C9 /* VSFSignUpProcess.h */ = {isa = PBXFileReference; fileEncoding = 4; lastKnownFileType = sourcecode.c.h; path = VSFSignUpProcess.h; sourceTree = "<group>"; };
		3F439646179EC6080062D9C9 /* VSFSignUpProcess.m */ = {isa = PBXFileReference; fileEncoding = 4; lastKnownFileType = sourcecode.c.objc; path = VSFSignUpProcess.m; sourceTree = "<group>"; };
		3F43964A179ECC660062D9C9 /* VSFResponseEntity.h */ = {isa = PBXFileReference; fileEncoding = 4; lastKnownFileType = sourcecode.c.h; path = VSFResponseEntity.h; sourceTree = "<group>"; };
		3F43964B179ECC660062D9C9 /* VSFResponseEntity.m */ = {isa = PBXFileReference; fileEncoding = 4; lastKnownFileType = sourcecode.c.objc; path = VSFResponseEntity.m; sourceTree = "<group>"; };
		3F61683C17A2CA1100496BC8 /* bg_1.jpg */ = {isa = PBXFileReference; lastKnownFileType = image.jpeg; path = bg_1.jpg; sourceTree = "<group>"; };
		40750AA017A1388700C5B99F /* VSFScoreboardView.h */ = {isa = PBXFileReference; fileEncoding = 4; lastKnownFileType = sourcecode.c.h; name = VSFScoreboardView.h; path = CustomView/VSFScoreboardView.h; sourceTree = "<group>"; };
		40750AA117A1388700C5B99F /* VSFScoreboardView.m */ = {isa = PBXFileReference; fileEncoding = 4; lastKnownFileType = sourcecode.c.objc; name = VSFScoreboardView.m; path = CustomView/VSFScoreboardView.m; sourceTree = "<group>"; };
		40750AA717A2509D00C5B99F /* VSFLoginResponseEntity.h */ = {isa = PBXFileReference; fileEncoding = 4; lastKnownFileType = sourcecode.c.h; path = VSFLoginResponseEntity.h; sourceTree = "<group>"; };
		40750AA817A2509D00C5B99F /* VSFLoginResponseEntity.m */ = {isa = PBXFileReference; fileEncoding = 4; lastKnownFileType = sourcecode.c.objc; path = VSFLoginResponseEntity.m; sourceTree = "<group>"; };
		40750AAA17A2512000C5B99F /* VSFSignUpResponseEntity.h */ = {isa = PBXFileReference; fileEncoding = 4; lastKnownFileType = sourcecode.c.h; path = VSFSignUpResponseEntity.h; sourceTree = "<group>"; };
		40750AAB17A2512000C5B99F /* VSFSignUpResponseEntity.m */ = {isa = PBXFileReference; fileEncoding = 4; lastKnownFileType = sourcecode.c.objc; path = VSFSignUpResponseEntity.m; sourceTree = "<group>"; };
		40750AAD17A251AD00C5B99F /* VSFResendEmailNotificationResponseEntity.h */ = {isa = PBXFileReference; fileEncoding = 4; lastKnownFileType = sourcecode.c.h; path = VSFResendEmailNotificationResponseEntity.h; sourceTree = "<group>"; };
		40750AAE17A251AD00C5B99F /* VSFResendEmailNotificationResponseEntity.m */ = {isa = PBXFileReference; fileEncoding = 4; lastKnownFileType = sourcecode.c.objc; path = VSFResendEmailNotificationResponseEntity.m; sourceTree = "<group>"; };
		40750AB017A2523F00C5B99F /* VSFForgotPasswordResponseEntity.h */ = {isa = PBXFileReference; fileEncoding = 4; lastKnownFileType = sourcecode.c.h; path = VSFForgotPasswordResponseEntity.h; sourceTree = "<group>"; };
		40750AB117A2524000C5B99F /* VSFForgotPasswordResponseEntity.m */ = {isa = PBXFileReference; fileEncoding = 4; lastKnownFileType = sourcecode.c.objc; path = VSFForgotPasswordResponseEntity.m; sourceTree = "<group>"; };
		40A72BBA17A672FF00429175 /* add_icon.png */ = {isa = PBXFileReference; lastKnownFileType = image.png; path = add_icon.png; sourceTree = "<group>"; };
		40A72BBB17A672FF00429175 /* menu_icon.png */ = {isa = PBXFileReference; lastKnownFileType = image.png; path = menu_icon.png; sourceTree = "<group>"; };
		40A732C817AA40AF00429175 /* DDMenuController.h */ = {isa = PBXFileReference; fileEncoding = 4; lastKnownFileType = sourcecode.c.h; name = DDMenuController.h; path = CustomView/DDMenuController/DDMenuController.h; sourceTree = "<group>"; };
		40A732C917AA40AF00429175 /* DDMenuController.m */ = {isa = PBXFileReference; fileEncoding = 4; lastKnownFileType = sourcecode.c.objc; name = DDMenuController.m; path = CustomView/DDMenuController/DDMenuController.m; sourceTree = "<group>"; };
		40A732D117AA5D9400429175 /* chat_icon.png */ = {isa = PBXFileReference; lastKnownFileType = image.png; path = chat_icon.png; sourceTree = "<group>"; };
		40A732D217AA5D9400429175 /* nav_menu_icon@2x.png */ = {isa = PBXFileReference; lastKnownFileType = image.png; path = "nav_menu_icon@2x.png"; sourceTree = "<group>"; };
		40A732D517AB801F00429175 /* FacebookSDK.framework */ = {isa = PBXFileReference; lastKnownFileType = wrapper.framework; path = FacebookSDK.framework; sourceTree = "<group>"; };
		40A83C4E179ED12700198B81 /* Reachability.h */ = {isa = PBXFileReference; fileEncoding = 4; lastKnownFileType = sourcecode.c.h; name = Reachability.h; path = Reachability/Reachability.h; sourceTree = "<group>"; };
		40A83C4F179ED12700198B81 /* Reachability.m */ = {isa = PBXFileReference; fileEncoding = 4; lastKnownFileType = sourcecode.c.objc; name = Reachability.m; path = Reachability/Reachability.m; sourceTree = "<group>"; };
		40A83C56179ED4C100198B81 /* VSFNetwork.h */ = {isa = PBXFileReference; fileEncoding = 4; lastKnownFileType = sourcecode.c.h; path = VSFNetwork.h; sourceTree = "<group>"; };
		40A83C57179ED4C100198B81 /* VSFNetwork.m */ = {isa = PBXFileReference; fileEncoding = 4; lastKnownFileType = sourcecode.c.objc; path = VSFNetwork.m; sourceTree = "<group>"; };
		40A83C5B179EE03A00198B81 /* VSFUtility.h */ = {isa = PBXFileReference; fileEncoding = 4; lastKnownFileType = sourcecode.c.h; name = VSFUtility.h; path = Utility/VSFUtility.h; sourceTree = "<group>"; };
		40A83C5C179EE03A00198B81 /* VSFUtility.m */ = {isa = PBXFileReference; fileEncoding = 4; lastKnownFileType = sourcecode.c.objc; name = VSFUtility.m; path = Utility/VSFUtility.m; sourceTree = "<group>"; };
		40A83C6F179FBCF100198B81 /* VSFSignUpEntity.h */ = {isa = PBXFileReference; fileEncoding = 4; lastKnownFileType = sourcecode.c.h; path = VSFSignUpEntity.h; sourceTree = "<group>"; };
		40A83C70179FBCF200198B81 /* VSFSignUpEntity.m */ = {isa = PBXFileReference; fileEncoding = 4; lastKnownFileType = sourcecode.c.objc; path = VSFSignUpEntity.m; sourceTree = "<group>"; };
		40A83C8C17A0F4FD00198B81 /* Flurry.h */ = {isa = PBXFileReference; fileEncoding = 4; lastKnownFileType = sourcecode.c.h; name = Flurry.h; path = Flurry/Flurry.h; sourceTree = "<group>"; };
		6920582117A7861700AECC4F /* VSFScoreView.h */ = {isa = PBXFileReference; fileEncoding = 4; lastKnownFileType = sourcecode.c.h; name = VSFScoreView.h; path = CustomView/VSFScoreView.h; sourceTree = "<group>"; };
		6920582217A7861700AECC4F /* VSFScoreView.m */ = {isa = PBXFileReference; fileEncoding = 4; lastKnownFileType = sourcecode.c.objc; name = VSFScoreView.m; path = CustomView/VSFScoreView.m; sourceTree = "<group>"; };
		6920582517A7931A00AECC4F /* blackCircle.png */ = {isa = PBXFileReference; lastKnownFileType = image.png; path = blackCircle.png; sourceTree = "<group>"; };
		6920582617A7931A00AECC4F /* orange_circle.png */ = {isa = PBXFileReference; lastKnownFileType = image.png; path = orange_circle.png; sourceTree = "<group>"; };
		6920582A17A7A8E300AECC4F /* VSFGameSummaryViewController.h */ = {isa = PBXFileReference; fileEncoding = 4; lastKnownFileType = sourcecode.c.h; name = VSFGameSummaryViewController.h; path = GameSummary/VSFGameSummaryViewController.h; sourceTree = "<group>"; };
		6920582B17A7A8E300AECC4F /* VSFGameSummaryViewController.m */ = {isa = PBXFileReference; fileEncoding = 4; lastKnownFileType = sourcecode.c.objc; name = VSFGameSummaryViewController.m; path = GameSummary/VSFGameSummaryViewController.m; sourceTree = "<group>"; };
		6920582E17A7A92500AECC4F /* VSFPlaySelectionViewController.h */ = {isa = PBXFileReference; fileEncoding = 4; lastKnownFileType = sourcecode.c.h; name = VSFPlaySelectionViewController.h; path = PlaySelection/VSFPlaySelectionViewController.h; sourceTree = "<group>"; };
		6920582F17A7A92500AECC4F /* VSFPlaySelectionViewController.m */ = {isa = PBXFileReference; fileEncoding = 4; lastKnownFileType = sourcecode.c.objc; name = VSFPlaySelectionViewController.m; path = PlaySelection/VSFPlaySelectionViewController.m; sourceTree = "<group>"; };
		6920583117A7A94500AECC4F /* VSFPlaySelectionProcess.h */ = {isa = PBXFileReference; fileEncoding = 4; lastKnownFileType = sourcecode.c.h; name = VSFPlaySelectionProcess.h; path = PlaySelection/VSFPlaySelectionProcess.h; sourceTree = "<group>"; };
		6920583217A7A94500AECC4F /* VSFPlaySelectionProcess.m */ = {isa = PBXFileReference; fileEncoding = 4; lastKnownFileType = sourcecode.c.objc; name = VSFPlaySelectionProcess.m; path = PlaySelection/VSFPlaySelectionProcess.m; sourceTree = "<group>"; };
		6920583717A7AA0A00AECC4F /* VSFPlayOutcome.h */ = {isa = PBXFileReference; fileEncoding = 4; lastKnownFileType = sourcecode.c.h; name = VSFPlayOutcome.h; path = CustomView/VSFPlayOutcome.h; sourceTree = "<group>"; };
		6920583817A7AA0B00AECC4F /* VSFPlayOutcome.m */ = {isa = PBXFileReference; fileEncoding = 4; lastKnownFileType = sourcecode.c.objc; name = VSFPlayOutcome.m; path = CustomView/VSFPlayOutcome.m; sourceTree = "<group>"; };
		6920583D17A7C72300AECC4F /* VSFGameSummaryView.h */ = {isa = PBXFileReference; fileEncoding = 4; lastKnownFileType = sourcecode.c.h; name = VSFGameSummaryView.h; path = CustomView/VSFGameSummaryView.h; sourceTree = "<group>"; };
		6920583E17A7C72300AECC4F /* VSFGameSummaryView.m */ = {isa = PBXFileReference; fileEncoding = 4; lastKnownFileType = sourcecode.c.objc; name = VSFGameSummaryView.m; path = CustomView/VSFGameSummaryView.m; sourceTree = "<group>"; };
		6920584A17A8E03E00AECC4F /* VSFGameSummaryProcess.h */ = {isa = PBXFileReference; fileEncoding = 4; lastKnownFileType = sourcecode.c.h; name = VSFGameSummaryProcess.h; path = GameSummary/VSFGameSummaryProcess.h; sourceTree = "<group>"; };
		6920584B17A8E03E00AECC4F /* VSFGameSummaryProcess.m */ = {isa = PBXFileReference; fileEncoding = 4; lastKnownFileType = sourcecode.c.objc; name = VSFGameSummaryProcess.m; path = GameSummary/VSFGameSummaryProcess.m; sourceTree = "<group>"; };
		6920584D17A8E08700AECC4F /* VSFForgotPasswordViewController.h */ = {isa = PBXFileReference; fileEncoding = 4; lastKnownFileType = sourcecode.c.h; name = VSFForgotPasswordViewController.h; path = ForgotPassword/VSFForgotPasswordViewController.h; sourceTree = "<group>"; };
		6920584E17A8E08700AECC4F /* VSFForgotPasswordViewController.m */ = {isa = PBXFileReference; fileEncoding = 4; lastKnownFileType = sourcecode.c.objc; name = VSFForgotPasswordViewController.m; path = ForgotPassword/VSFForgotPasswordViewController.m; sourceTree = "<group>"; };
		6920585417A8E0D100AECC4F /* VSFStartNewGameViewController.h */ = {isa = PBXFileReference; fileEncoding = 4; lastKnownFileType = sourcecode.c.h; name = VSFStartNewGameViewController.h; path = StartNewGame/VSFStartNewGameViewController.h; sourceTree = "<group>"; };
		6920585517A8E0D100AECC4F /* VSFStartNewGameViewController.m */ = {isa = PBXFileReference; fileEncoding = 4; lastKnownFileType = sourcecode.c.objc; name = VSFStartNewGameViewController.m; path = StartNewGame/VSFStartNewGameViewController.m; sourceTree = "<group>"; };
		6920585717A8E0E900AECC4F /* VSFStartNewGameProcess.h */ = {isa = PBXFileReference; fileEncoding = 4; lastKnownFileType = sourcecode.c.h; name = VSFStartNewGameProcess.h; path = StartNewGame/VSFStartNewGameProcess.h; sourceTree = "<group>"; };
		6920585817A8E0E900AECC4F /* VSFStartNewGameProcess.m */ = {isa = PBXFileReference; fileEncoding = 4; lastKnownFileType = sourcecode.c.objc; name = VSFStartNewGameProcess.m; path = StartNewGame/VSFStartNewGameProcess.m; sourceTree = "<group>"; };
		6920585A17A8E10D00AECC4F /* VSFForgotPasswordProcess.h */ = {isa = PBXFileReference; fileEncoding = 4; lastKnownFileType = sourcecode.c.h; name = VSFForgotPasswordProcess.h; path = ForgotPassword/VSFForgotPasswordProcess.h; sourceTree = "<group>"; };
		6920585B17A8E10D00AECC4F /* VSFForgotPasswordProcess.m */ = {isa = PBXFileReference; fileEncoding = 4; lastKnownFileType = sourcecode.c.objc; name = VSFForgotPasswordProcess.m; path = ForgotPassword/VSFForgotPasswordProcess.m; sourceTree = "<group>"; };
		6920586A17A905BD00AECC4F /* EGORefreshTableHeaderView.h */ = {isa = PBXFileReference; fileEncoding = 4; lastKnownFileType = sourcecode.c.h; name = EGORefreshTableHeaderView.h; path = CustomView/EGORefresh/EGORefreshTableHeaderView.h; sourceTree = "<group>"; };
		6920586B17A905BD00AECC4F /* EGORefreshTableHeaderView.m */ = {isa = PBXFileReference; fileEncoding = 4; lastKnownFileType = sourcecode.c.objc; name = EGORefreshTableHeaderView.m; path = CustomView/EGORefresh/EGORefreshTableHeaderView.m; sourceTree = "<group>"; };
		6920586D17A9063200AECC4F /* blackArrow.png */ = {isa = PBXFileReference; lastKnownFileType = image.png; path = blackArrow.png; sourceTree = "<group>"; };
		6920586E17A9063200AECC4F /* blackArrow@2x.png */ = {isa = PBXFileReference; lastKnownFileType = image.png; path = "blackArrow@2x.png"; sourceTree = "<group>"; };
		6920586F17A9063200AECC4F /* blueArrow.png */ = {isa = PBXFileReference; lastKnownFileType = image.png; path = blueArrow.png; sourceTree = "<group>"; };
		6920587017A9063200AECC4F /* blueArrow@2x.png */ = {isa = PBXFileReference; lastKnownFileType = image.png; path = "blueArrow@2x.png"; sourceTree = "<group>"; };
		6920587117A9063200AECC4F /* grayArrow.png */ = {isa = PBXFileReference; lastKnownFileType = image.png; path = grayArrow.png; sourceTree = "<group>"; };
		6920587217A9063200AECC4F /* grayArrow@2x.png */ = {isa = PBXFileReference; lastKnownFileType = image.png; path = "grayArrow@2x.png"; sourceTree = "<group>"; };
		6920587317A9063200AECC4F /* whiteArrow.png */ = {isa = PBXFileReference; lastKnownFileType = image.png; path = whiteArrow.png; sourceTree = "<group>"; };
		6920587417A9063200AECC4F /* whiteArrow@2x.png */ = {isa = PBXFileReference; lastKnownFileType = image.png; path = "whiteArrow@2x.png"; sourceTree = "<group>"; };
		6920587D17A91B8F00AECC4F /* 0.png */ = {isa = PBXFileReference; lastKnownFileType = image.png; path = 0.png; sourceTree = "<group>"; };
		6920587E17A91B8F00AECC4F /* 1.png */ = {isa = PBXFileReference; lastKnownFileType = image.png; path = 1.png; sourceTree = "<group>"; };
		6920587F17A91B8F00AECC4F /* 2.png */ = {isa = PBXFileReference; lastKnownFileType = image.png; path = 2.png; sourceTree = "<group>"; };
		6920588017A91B8F00AECC4F /* 3.png */ = {isa = PBXFileReference; lastKnownFileType = image.png; path = 3.png; sourceTree = "<group>"; };
		6920588117A91B8F00AECC4F /* 4.png */ = {isa = PBXFileReference; lastKnownFileType = image.png; path = 4.png; sourceTree = "<group>"; };
		6920588217A91B8F00AECC4F /* 5.png */ = {isa = PBXFileReference; lastKnownFileType = image.png; path = 5.png; sourceTree = "<group>"; };
		6920588317A91B8F00AECC4F /* 6.png */ = {isa = PBXFileReference; lastKnownFileType = image.png; path = 6.png; sourceTree = "<group>"; };
		6920588417A91B8F00AECC4F /* 7.png */ = {isa = PBXFileReference; lastKnownFileType = image.png; path = 7.png; sourceTree = "<group>"; };
		6920588517A91B8F00AECC4F /* 8.png */ = {isa = PBXFileReference; lastKnownFileType = image.png; path = 8.png; sourceTree = "<group>"; };
		6920588617A91B8F00AECC4F /* 9.png */ = {isa = PBXFileReference; lastKnownFileType = image.png; path = 9.png; sourceTree = "<group>"; };
		6920588717A91B8F00AECC4F /* border.png */ = {isa = PBXFileReference; lastKnownFileType = image.png; path = border.png; sourceTree = "<group>"; };
		6920589D17A925DC00AECC4F /* VSFCustomSegmentedControl.h */ = {isa = PBXFileReference; fileEncoding = 4; lastKnownFileType = sourcecode.c.h; name = VSFCustomSegmentedControl.h; path = CustomView/VSFCustomSegmentedControl.h; sourceTree = "<group>"; };
		6920589E17A925DD00AECC4F /* VSFCustomSegmentedControl.m */ = {isa = PBXFileReference; fileEncoding = 4; lastKnownFileType = sourcecode.c.objc; name = VSFCustomSegmentedControl.m; path = CustomView/VSFCustomSegmentedControl.m; sourceTree = "<group>"; };
		692058B017AA18CD00AECC4F /* summary.png */ = {isa = PBXFileReference; lastKnownFileType = image.png; path = summary.png; sourceTree = "<group>"; };
		692058B717AA49CE00AECC4F /* board.png */ = {isa = PBXFileReference; lastKnownFileType = image.png; path = board.png; sourceTree = "<group>"; };
		692058B917AA49D900AECC4F /* tactics.png */ = {isa = PBXFileReference; lastKnownFileType = image.png; path = tactics.png; sourceTree = "<group>"; };
		692058CF17AA6C8900AECC4F /* VSFPlayOutcomeViewController.h */ = {isa = PBXFileReference; fileEncoding = 4; lastKnownFileType = sourcecode.c.h; name = VSFPlayOutcomeViewController.h; path = PlayOutcome/VSFPlayOutcomeViewController.h; sourceTree = "<group>"; };
		692058D017AA6C8900AECC4F /* VSFPlayOutcomeViewController.m */ = {isa = PBXFileReference; fileEncoding = 4; lastKnownFileType = sourcecode.c.objc; name = VSFPlayOutcomeViewController.m; path = PlayOutcome/VSFPlayOutcomeViewController.m; sourceTree = "<group>"; };
		692058E617AA87F500AECC4F /* Default.png */ = {isa = PBXFileReference; lastKnownFileType = image.png; name = Default.png; path = ../../../Default.png; sourceTree = "<group>"; };
		692058E817AA881100AECC4F /* Default@2x.png */ = {isa = PBXFileReference; lastKnownFileType = image.png; name = "Default@2x.png"; path = "../../../Default@2x.png"; sourceTree = "<group>"; };
		692058EA17AA881A00AECC4F /* Default-568h@2x.png */ = {isa = PBXFileReference; lastKnownFileType = image.png; name = "Default-568h@2x.png"; path = "../../../Default-568h@2x.png"; sourceTree = "<group>"; };
		692058EC17AA88AC00AECC4F /* no_number.png */ = {isa = PBXFileReference; lastKnownFileType = image.png; path = no_number.png; sourceTree = "<group>"; };
		695EEF5317AB8D9900E54ECF /* VSFFeedBackViewController.h */ = {isa = PBXFileReference; fileEncoding = 4; lastKnownFileType = sourcecode.c.h; name = VSFFeedBackViewController.h; path = FeedBack/VSFFeedBackViewController.h; sourceTree = "<group>"; };
		695EEF5417AB8D9900E54ECF /* VSFFeedBackViewController.m */ = {isa = PBXFileReference; fileEncoding = 4; lastKnownFileType = sourcecode.c.objc; name = VSFFeedBackViewController.m; path = FeedBack/VSFFeedBackViewController.m; sourceTree = "<group>"; };
		695EEF5617AB8DB700E54ECF /* VSFFeedBackProcess.h */ = {isa = PBXFileReference; fileEncoding = 4; lastKnownFileType = sourcecode.c.h; name = VSFFeedBackProcess.h; path = FeedBack/VSFFeedBackProcess.h; sourceTree = "<group>"; };
		695EEF5717AB8DB700E54ECF /* VSFFeedBackProcess.m */ = {isa = PBXFileReference; fileEncoding = 4; lastKnownFileType = sourcecode.c.objc; name = VSFFeedBackProcess.m; path = FeedBack/VSFFeedBackProcess.m; sourceTree = "<group>"; };
		695EEF5917AB8F7000E54ECF /* VSFPlayOutcomeProcess.h */ = {isa = PBXFileReference; fileEncoding = 4; lastKnownFileType = sourcecode.c.h; name = VSFPlayOutcomeProcess.h; path = PlayOutcome/VSFPlayOutcomeProcess.h; sourceTree = "<group>"; };
		695EEF5A17AB8F7000E54ECF /* VSFPlayOutcomeProcess.m */ = {isa = PBXFileReference; fileEncoding = 4; lastKnownFileType = sourcecode.c.objc; name = VSFPlayOutcomeProcess.m; path = PlayOutcome/VSFPlayOutcomeProcess.m; sourceTree = "<group>"; };
		695EEF5F17ABA50000E54ECF /* VSFPlayComboViewController.h */ = {isa = PBXFileReference; fileEncoding = 4; lastKnownFileType = sourcecode.c.h; name = VSFPlayComboViewController.h; path = PlayCombo/VSFPlayComboViewController.h; sourceTree = "<group>"; };
		695EEF6017ABA50000E54ECF /* VSFPlayComboViewController.m */ = {isa = PBXFileReference; fileEncoding = 4; lastKnownFileType = sourcecode.c.objc; name = VSFPlayComboViewController.m; path = PlayCombo/VSFPlayComboViewController.m; sourceTree = "<group>"; };
		695EEF6217ABA51100E54ECF /* VSFPlayAnimationViewController.h */ = {isa = PBXFileReference; fileEncoding = 4; lastKnownFileType = sourcecode.c.h; name = VSFPlayAnimationViewController.h; path = PlayAnimation/VSFPlayAnimationViewController.h; sourceTree = "<group>"; };
		695EEF6317ABA51100E54ECF /* VSFPlayAnimationViewController.m */ = {isa = PBXFileReference; fileEncoding = 4; lastKnownFileType = sourcecode.c.objc; name = VSFPlayAnimationViewController.m; path = PlayAnimation/VSFPlayAnimationViewController.m; sourceTree = "<group>"; };
		695EEF6517ABA52B00E54ECF /* VSFPlayComboProcess.h */ = {isa = PBXFileReference; fileEncoding = 4; lastKnownFileType = sourcecode.c.h; name = VSFPlayComboProcess.h; path = PlayCombo/VSFPlayComboProcess.h; sourceTree = "<group>"; };
		695EEF6617ABA52B00E54ECF /* VSFPlayComboProcess.m */ = {isa = PBXFileReference; fileEncoding = 4; lastKnownFileType = sourcecode.c.objc; name = VSFPlayComboProcess.m; path = PlayCombo/VSFPlayComboProcess.m; sourceTree = "<group>"; };
		695EEF6C17ABAF1900E54ECF /* VSFPlaySelectionViewDelegate.h */ = {isa = PBXFileReference; fileEncoding = 4; lastKnownFileType = sourcecode.c.h; name = VSFPlaySelectionViewDelegate.h; path = PlaySelection/VSFPlaySelectionViewDelegate.h; sourceTree = "<group>"; };
		695EEF7017ABCD0200E54ECF /* 57.png */ = {isa = PBXFileReference; lastKnownFileType = image.png; path = 57.png; sourceTree = "<group>"; };
		695EEF7617ABCFD700E54ECF /* 114.png */ = {isa = PBXFileReference; lastKnownFileType = image.png; path = 114.png; sourceTree = "<group>"; };
		6960B66517AF6EE50058387D /* VSFOptionsViewController.h */ = {isa = PBXFileReference; fileEncoding = 4; lastKnownFileType = sourcecode.c.h; name = VSFOptionsViewController.h; path = Options/VSFOptionsViewController.h; sourceTree = "<group>"; };
		6960B66617AF6EE50058387D /* VSFOptionsViewController.m */ = {isa = PBXFileReference; fileEncoding = 4; lastKnownFileType = sourcecode.c.objc; name = VSFOptionsViewController.m; path = Options/VSFOptionsViewController.m; sourceTree = "<group>"; };
		6960B66B17AF709B0058387D /* VSFOptionsProcess.h */ = {isa = PBXFileReference; fileEncoding = 4; lastKnownFileType = sourcecode.c.h; name = VSFOptionsProcess.h; path = Options/VSFOptionsProcess.h; sourceTree = "<group>"; };
		6960B66C17AF709B0058387D /* VSFOptionsProcess.m */ = {isa = PBXFileReference; fileEncoding = 4; lastKnownFileType = sourcecode.c.objc; name = VSFOptionsProcess.m; path = Options/VSFOptionsProcess.m; sourceTree = "<group>"; };
		6960B66F17AF70CA0058387D /* VSFFacebookFriendsProcess.h */ = {isa = PBXFileReference; fileEncoding = 4; lastKnownFileType = sourcecode.c.h; name = VSFFacebookFriendsProcess.h; path = FacebookFriends/VSFFacebookFriendsProcess.h; sourceTree = "<group>"; };
		6960B67017AF70CA0058387D /* VSFFacebookFriendsProcess.m */ = {isa = PBXFileReference; fileEncoding = 4; lastKnownFileType = sourcecode.c.objc; name = VSFFacebookFriendsProcess.m; path = FacebookFriends/VSFFacebookFriendsProcess.m; sourceTree = "<group>"; };
		6960B67217AF70E70058387D /* VSFFacebookFriendsViewController.h */ = {isa = PBXFileReference; fileEncoding = 4; lastKnownFileType = sourcecode.c.h; name = VSFFacebookFriendsViewController.h; path = FacebookFriends/VSFFacebookFriendsViewController.h; sourceTree = "<group>"; };
		6960B67317AF70E70058387D /* VSFFacebookFriendsViewController.m */ = {isa = PBXFileReference; fileEncoding = 4; lastKnownFileType = sourcecode.c.objc; name = VSFFacebookFriendsViewController.m; path = FacebookFriends/VSFFacebookFriendsViewController.m; sourceTree = "<group>"; };
		6960B67617AF71370058387D /* VSFEmailViewController.h */ = {isa = PBXFileReference; fileEncoding = 4; lastKnownFileType = sourcecode.c.h; name = VSFEmailViewController.h; path = Email/VSFEmailViewController.h; sourceTree = "<group>"; };
		6960B67717AF71370058387D /* VSFEmailViewController.m */ = {isa = PBXFileReference; fileEncoding = 4; lastKnownFileType = sourcecode.c.objc; name = VSFEmailViewController.m; path = Email/VSFEmailViewController.m; sourceTree = "<group>"; };
		6960B67917AF714E0058387D /* VSFEmailProcess.h */ = {isa = PBXFileReference; fileEncoding = 4; lastKnownFileType = sourcecode.c.h; name = VSFEmailProcess.h; path = Email/VSFEmailProcess.h; sourceTree = "<group>"; };
		6960B67A17AF714E0058387D /* VSFEmailProcess.m */ = {isa = PBXFileReference; fileEncoding = 4; lastKnownFileType = sourcecode.c.objc; name = VSFEmailProcess.m; path = Email/VSFEmailProcess.m; sourceTree = "<group>"; };
		6960B69417B098E30058387D /* VSFContactsProcess.h */ = {isa = PBXFileReference; fileEncoding = 4; lastKnownFileType = sourcecode.c.h; name = VSFContactsProcess.h; path = Contacts/VSFContactsProcess.h; sourceTree = "<group>"; };
		6960B69517B098E30058387D /* VSFContactsProcess.m */ = {isa = PBXFileReference; fileEncoding = 4; lastKnownFileType = sourcecode.c.objc; name = VSFContactsProcess.m; path = Contacts/VSFContactsProcess.m; sourceTree = "<group>"; };
		6960B69717B098F60058387D /* VSFContactsViewController.h */ = {isa = PBXFileReference; fileEncoding = 4; lastKnownFileType = sourcecode.c.h; name = VSFContactsViewController.h; path = Contacts/VSFContactsViewController.h; sourceTree = "<group>"; };
		6960B69817B098F60058387D /* VSFContactsViewController.m */ = {isa = PBXFileReference; fileEncoding = 4; lastKnownFileType = sourcecode.c.objc; name = VSFContactsViewController.m; path = Contacts/VSFContactsViewController.m; sourceTree = "<group>"; };
		698A6F0A17A10D4B00BC1B05 /* VSFCommonDefine.h */ = {isa = PBXFileReference; fileEncoding = 4; lastKnownFileType = sourcecode.c.h; path = VSFCommonDefine.h; sourceTree = "<group>"; };
		698A6F0B17A10F1F00BC1B05 /* Security.framework */ = {isa = PBXFileReference; lastKnownFileType = wrapper.framework; name = Security.framework; path = System/Library/Frameworks/Security.framework; sourceTree = SDKROOT; };
		698A6F1217A1165B00BC1B05 /* libFlurry_4.2.2.a */ = {isa = PBXFileReference; lastKnownFileType = archive.ar; name = libFlurry_4.2.2.a; path = Flurry/libFlurry_4.2.2.a; sourceTree = "<group>"; };
		698A6F1817A1189B00BC1B05 /* VSFNavigationController.h */ = {isa = PBXFileReference; fileEncoding = 4; lastKnownFileType = sourcecode.c.h; name = VSFNavigationController.h; path = CustomView/VSFNavigationController.h; sourceTree = "<group>"; };
		698A6F1917A1189B00BC1B05 /* VSFNavigationController.m */ = {isa = PBXFileReference; fileEncoding = 4; lastKnownFileType = sourcecode.c.objc; name = VSFNavigationController.m; path = CustomView/VSFNavigationController.m; sourceTree = "<group>"; };
		698A6F2017A11AB900BC1B05 /* VSFHomeViewController.h */ = {isa = PBXFileReference; fileEncoding = 4; lastKnownFileType = sourcecode.c.h; name = VSFHomeViewController.h; path = Home/VSFHomeViewController.h; sourceTree = "<group>"; };
		698A6F2117A11AB900BC1B05 /* VSFHomeViewController.m */ = {isa = PBXFileReference; fileEncoding = 4; lastKnownFileType = sourcecode.c.objc; name = VSFHomeViewController.m; path = Home/VSFHomeViewController.m; sourceTree = "<group>"; };
		698A6F2317A11ACE00BC1B05 /* VSFPlaybookViewController.h */ = {isa = PBXFileReference; fileEncoding = 4; lastKnownFileType = sourcecode.c.h; name = VSFPlaybookViewController.h; path = Playbook/VSFPlaybookViewController.h; sourceTree = "<group>"; };
		698A6F2417A11ACE00BC1B05 /* VSFPlaybookViewController.m */ = {isa = PBXFileReference; fileEncoding = 4; lastKnownFileType = sourcecode.c.objc; name = VSFPlaybookViewController.m; path = Playbook/VSFPlaybookViewController.m; sourceTree = "<group>"; };
		698A6F2617A11AE700BC1B05 /* VSFPlaybookProcess.h */ = {isa = PBXFileReference; fileEncoding = 4; lastKnownFileType = sourcecode.c.h; name = VSFPlaybookProcess.h; path = Playbook/VSFPlaybookProcess.h; sourceTree = "<group>"; };
		698A6F2717A11AE800BC1B05 /* VSFPlaybookProcess.m */ = {isa = PBXFileReference; fileEncoding = 4; lastKnownFileType = sourcecode.c.objc; name = VSFPlaybookProcess.m; path = Playbook/VSFPlaybookProcess.m; sourceTree = "<group>"; };
		698A6F2917A11AFF00BC1B05 /* VSFHomeProcess.h */ = {isa = PBXFileReference; fileEncoding = 4; lastKnownFileType = sourcecode.c.h; name = VSFHomeProcess.h; path = Home/VSFHomeProcess.h; sourceTree = "<group>"; };
		698A6F2A17A11AFF00BC1B05 /* VSFHomeProcess.m */ = {isa = PBXFileReference; fileEncoding = 4; lastKnownFileType = sourcecode.c.objc; name = VSFHomeProcess.m; path = Home/VSFHomeProcess.m; sourceTree = "<group>"; };
		698A6F2D17A11E9900BC1B05 /* VSFSingleton.h */ = {isa = PBXFileReference; fileEncoding = 4; lastKnownFileType = sourcecode.c.h; name = VSFSingleton.h; path = Singleton/VSFSingleton.h; sourceTree = "<group>"; };
		698A6F2E17A11E9900BC1B05 /* VSFSingleton.m */ = {isa = PBXFileReference; fileEncoding = 4; lastKnownFileType = sourcecode.c.objc; name = VSFSingleton.m; path = Singleton/VSFSingleton.m; sourceTree = "<group>"; };
		698A6F3217A1225500BC1B05 /* QuartzCore.framework */ = {isa = PBXFileReference; lastKnownFileType = wrapper.framework; name = QuartzCore.framework; path = System/Library/Frameworks/QuartzCore.framework; sourceTree = SDKROOT; };
		69AF163A17A64F4E008B93DC /* VSFVerifyEmailView.h */ = {isa = PBXFileReference; fileEncoding = 4; lastKnownFileType = sourcecode.c.h; path = VSFVerifyEmailView.h; sourceTree = "<group>"; };
		69AF163B17A64F4E008B93DC /* VSFVerifyEmailView.m */ = {isa = PBXFileReference; fileEncoding = 4; lastKnownFileType = sourcecode.c.objc; path = VSFVerifyEmailView.m; sourceTree = "<group>"; };
		69AF164517A66228008B93DC /* VSFPlaylistCell.h */ = {isa = PBXFileReference; fileEncoding = 4; lastKnownFileType = sourcecode.c.h; name = VSFPlaylistCell.h; path = CustomView/VSFPlaylistCell.h; sourceTree = "<group>"; };
		69AF164617A66228008B93DC /* VSFPlaylistCell.m */ = {isa = PBXFileReference; fileEncoding = 4; lastKnownFileType = sourcecode.c.objc; name = VSFPlaylistCell.m; path = CustomView/VSFPlaylistCell.m; sourceTree = "<group>"; };
		69AF165A17A68F6D008B93DC /* VSFADBannerView.h */ = {isa = PBXFileReference; fileEncoding = 4; lastKnownFileType = sourcecode.c.h; name = VSFADBannerView.h; path = CustomView/VSFADBannerView.h; sourceTree = "<group>"; };
		69AF165B17A68F6D008B93DC /* VSFADBannerView.m */ = {isa = PBXFileReference; fileEncoding = 4; lastKnownFileType = sourcecode.c.objc; name = VSFADBannerView.m; path = CustomView/VSFADBannerView.m; sourceTree = "<group>"; };
		69CF3CF117A1351B0034BE22 /* VSFStoreProcess.h */ = {isa = PBXFileReference; fileEncoding = 4; lastKnownFileType = sourcecode.c.h; name = VSFStoreProcess.h; path = Playbook/VSFStoreProcess.h; sourceTree = "<group>"; };
		69CF3CF217A1351B0034BE22 /* VSFStoreProcess.m */ = {isa = PBXFileReference; fileEncoding = 4; lastKnownFileType = sourcecode.c.objc; name = VSFStoreProcess.m; path = Playbook/VSFStoreProcess.m; sourceTree = "<group>"; };
/* End PBXFileReference section */

/* Begin PBXFrameworksBuildPhase section */
		396042EB179E3B2600DAA8ED /* Frameworks */ = {
			isa = PBXFrameworksBuildPhase;
			buildActionMask = 2147483647;
			files = (
				698A6F3317A1225500BC1B05 /* QuartzCore.framework in Frameworks */,
				698A6F0C17A10F1F00BC1B05 /* Security.framework in Frameworks */,
				3F439612179EBDEC0062D9C9 /* libz.1.2.5.dylib in Frameworks */,
				3F439610179EBDBD0062D9C9 /* MobileCoreServices.framework in Frameworks */,
				3F43960E179EBDB80062D9C9 /* SystemConfiguration.framework in Frameworks */,
				3F43960C179EBDA10062D9C9 /* CFNetwork.framework in Frameworks */,
				396042F2179E3B2600DAA8ED /* UIKit.framework in Frameworks */,
				396042F4179E3B2600DAA8ED /* Foundation.framework in Frameworks */,
				396042F6179E3B2600DAA8ED /* CoreGraphics.framework in Frameworks */,
				698A6F1317A1165B00BC1B05 /* libFlurry_4.2.2.a in Frameworks */,
				40A732D617AB801F00429175 /* FacebookSDK.framework in Frameworks */,
			);
			runOnlyForDeploymentPostprocessing = 0;
		};
/* End PBXFrameworksBuildPhase section */

/* Begin PBXGroup section */
		396042E5179E3B2600DAA8ED = {
			isa = PBXGroup;
			children = (
				396042F7179E3B2600DAA8ED /* VsFootball */,
				396042F0179E3B2600DAA8ED /* Frameworks */,
				396042EF179E3B2600DAA8ED /* Products */,
			);
			sourceTree = "<group>";
		};
		396042EF179E3B2600DAA8ED /* Products */ = {
			isa = PBXGroup;
			children = (
				396042EE179E3B2600DAA8ED /* VsFootball.app */,
			);
			name = Products;
			sourceTree = "<group>";
		};
		396042F0179E3B2600DAA8ED /* Frameworks */ = {
			isa = PBXGroup;
			children = (
				40A732D517AB801F00429175 /* FacebookSDK.framework */,
				698A6F3217A1225500BC1B05 /* QuartzCore.framework */,
				698A6F0B17A10F1F00BC1B05 /* Security.framework */,
				3F439611179EBDEC0062D9C9 /* libz.1.2.5.dylib */,
				3F43960F179EBDBD0062D9C9 /* MobileCoreServices.framework */,
				3F43960D179EBDB80062D9C9 /* SystemConfiguration.framework */,
				3F43960B179EBDA00062D9C9 /* CFNetwork.framework */,
				396042F1179E3B2600DAA8ED /* UIKit.framework */,
				396042F3179E3B2600DAA8ED /* Foundation.framework */,
				396042F5179E3B2600DAA8ED /* CoreGraphics.framework */,
			);
			name = Frameworks;
			sourceTree = "<group>";
		};
		396042F7179E3B2600DAA8ED /* VsFootball */ = {
			isa = PBXGroup;
			children = (
				39B5FC9717AEFB480075E1E7 /* core */,
				3F4395DD179EAB630062D9C9 /* Common */,
				3F439633179EC5B70062D9C9 /* Navigate */,
				39604300179E3B2600DAA8ED /* VSFAppDelegate.h */,
				39604301179E3B2600DAA8ED /* VSFAppDelegate.m */,
				39604309179E3B2600DAA8ED /* MainStoryboard.storyboard */,
				3960430C179E3B2600DAA8ED /* VSFViewController.h */,
				3960430D179E3B2600DAA8ED /* VSFViewController.m */,
				3F439621179EC4090062D9C9 /* Resources */,
				396042F8179E3B2600DAA8ED /* Supporting Files */,
			);
			path = VsFootball;
			sourceTree = "<group>";
		};
		396042F8179E3B2600DAA8ED /* Supporting Files */ = {
			isa = PBXGroup;
			children = (
				396042F9179E3B2600DAA8ED /* VsFootball-Info.plist */,
				396042FA179E3B2600DAA8ED /* InfoPlist.strings */,
				396042FD179E3B2600DAA8ED /* main.m */,
				396042FF179E3B2600DAA8ED /* VsFootball-Prefix.pch */,
				39604303179E3B2600DAA8ED /* Default.png */,
				39604305179E3B2600DAA8ED /* Default@2x.png */,
				39604307179E3B2600DAA8ED /* Default-568h@2x.png */,
			);
			name = "Supporting Files";
			sourceTree = "<group>";
		};
		39B5FC9717AEFB480075E1E7 /* core */ = {
			isa = PBXGroup;
			children = (
				39B5FCC417AEFB480075E1E7 /* vsf */,
			);
			name = core;
			path = ../../../core;
			sourceTree = "<group>";
		};
		39B5FCC417AEFB480075E1E7 /* vsf */ = {
			isa = PBXGroup;
			children = (
				39B5FCC517AEFB480075E1E7 /* Threads.cpp */,
				39B5FCC617AEFB480075E1E7 /* Threads.h */,
				39B5FCC717AEFB480075E1E7 /* VsfMain.cpp */,
				39B5FCC817AEFB480075E1E7 /* VsfMain.h */,
			);
			path = vsf;
			sourceTree = "<group>";
		};
		3F4395DD179EAB630062D9C9 /* Common */ = {
			isa = PBXGroup;
			children = (
				698A6F2C17A11E6900BC1B05 /* Singleton */,
				40A83C8317A0F46D00198B81 /* CustomView */,
				698A6ED517A0EDDC00BC1B05 /* Flurry */,
				40A83C5A179EE00E00198B81 /* Utility */,
				40A83C4D179ED0D500198B81 /* Reachability */,
				3F439648179EC67B0062D9C9 /* CommonDefine */,
				3F439649179EC67B0062D9C9 /* Entity */,
				3F4395ED179EBBAC0062D9C9 /* ASIHTTPRequest */,
				3F439602179EBBAC0062D9C9 /* Network */,
				3F4395DE179EAB630062D9C9 /* JSONKit */,
			);
			path = Common;
			sourceTree = "<group>";
		};
		3F4395DE179EAB630062D9C9 /* JSONKit */ = {
			isa = PBXGroup;
			children = (
				3F4395DF179EAB630062D9C9 /* JSONKit.h */,
				3F4395E0179EAB630062D9C9 /* JSONKit.m */,
			);
			path = JSONKit;
			sourceTree = "<group>";
		};
		3F4395ED179EBBAC0062D9C9 /* ASIHTTPRequest */ = {
			isa = PBXGroup;
			children = (
				3F4395EE179EBBAC0062D9C9 /* ASIAuthenticationDialog.h */,
				3F4395EF179EBBAC0062D9C9 /* ASIAuthenticationDialog.m */,
				3F4395F0179EBBAC0062D9C9 /* ASICacheDelegate.h */,
				3F4395F1179EBBAC0062D9C9 /* ASIDataCompressor.h */,
				3F4395F2179EBBAC0062D9C9 /* ASIDataCompressor.m */,
				3F4395F3179EBBAC0062D9C9 /* ASIDataDecompressor.h */,
				3F4395F4179EBBAC0062D9C9 /* ASIDataDecompressor.m */,
				3F4395F5179EBBAC0062D9C9 /* ASIDownloadCache.h */,
				3F4395F6179EBBAC0062D9C9 /* ASIDownloadCache.m */,
				3F4395F7179EBBAC0062D9C9 /* ASIFormDataRequest.h */,
				3F4395F8179EBBAC0062D9C9 /* ASIFormDataRequest.m */,
				3F4395F9179EBBAC0062D9C9 /* ASIHTTPRequest.h */,
				3F4395FA179EBBAC0062D9C9 /* ASIHTTPRequest.m */,
				3F4395FB179EBBAC0062D9C9 /* ASIHTTPRequestConfig.h */,
				3F4395FC179EBBAC0062D9C9 /* ASIHTTPRequestDelegate.h */,
				3F4395FD179EBBAC0062D9C9 /* ASIInputStream.h */,
				3F4395FE179EBBAC0062D9C9 /* ASIInputStream.m */,
				3F4395FF179EBBAC0062D9C9 /* ASINetworkQueue.h */,
				3F439600179EBBAC0062D9C9 /* ASINetworkQueue.m */,
				3F439601179EBBAC0062D9C9 /* ASIProgressDelegate.h */,
			);
			path = ASIHTTPRequest;
			sourceTree = "<group>";
		};
		3F439602179EBBAC0062D9C9 /* Network */ = {
			isa = PBXGroup;
			children = (
				40A83C56179ED4C100198B81 /* VSFNetwork.h */,
				40A83C57179ED4C100198B81 /* VSFNetwork.m */,
			);
			path = Network;
			sourceTree = "<group>";
		};
		3F439621179EC4090062D9C9 /* Resources */ = {
			isa = PBXGroup;
			children = (
				3F439622179EC4090062D9C9 /* Images */,
			);
			path = Resources;
			sourceTree = "<group>";
		};
		3F439622179EC4090062D9C9 /* Images */ = {
			isa = PBXGroup;
			children = (
				695EEF7617ABCFD700E54ECF /* 114.png */,
				695EEF7017ABCD0200E54ECF /* 57.png */,
				692058EC17AA88AC00AECC4F /* no_number.png */,
				692058EA17AA881A00AECC4F /* Default-568h@2x.png */,
				692058E817AA881100AECC4F /* Default@2x.png */,
				692058E617AA87F500AECC4F /* Default.png */,
				40A732D117AA5D9400429175 /* chat_icon.png */,
				40A732D217AA5D9400429175 /* nav_menu_icon@2x.png */,
				692058B917AA49D900AECC4F /* tactics.png */,
				692058B717AA49CE00AECC4F /* board.png */,
				692058B017AA18CD00AECC4F /* summary.png */,
				6920587D17A91B8F00AECC4F /* 0.png */,
				6920587E17A91B8F00AECC4F /* 1.png */,
				6920587F17A91B8F00AECC4F /* 2.png */,
				6920588017A91B8F00AECC4F /* 3.png */,
				6920588117A91B8F00AECC4F /* 4.png */,
				6920588217A91B8F00AECC4F /* 5.png */,
				6920588317A91B8F00AECC4F /* 6.png */,
				6920588417A91B8F00AECC4F /* 7.png */,
				6920588517A91B8F00AECC4F /* 8.png */,
				6920588617A91B8F00AECC4F /* 9.png */,
				6920588717A91B8F00AECC4F /* border.png */,
				6920586D17A9063200AECC4F /* blackArrow.png */,
				6920586E17A9063200AECC4F /* blackArrow@2x.png */,
				6920586F17A9063200AECC4F /* blueArrow.png */,
				6920587017A9063200AECC4F /* blueArrow@2x.png */,
				6920587117A9063200AECC4F /* grayArrow.png */,
				6920587217A9063200AECC4F /* grayArrow@2x.png */,
				6920587317A9063200AECC4F /* whiteArrow.png */,
				6920587417A9063200AECC4F /* whiteArrow@2x.png */,
				012805A417A8E9A8005AA61B /* checkbutton.png */,
				6920582517A7931A00AECC4F /* blackCircle.png */,
				6920582617A7931A00AECC4F /* orange_circle.png */,
				40A72BBA17A672FF00429175 /* add_icon.png */,
				40A72BBB17A672FF00429175 /* menu_icon.png */,
				3F61683C17A2CA1100496BC8 /* bg_1.jpg */,
			);
			path = Images;
			sourceTree = "<group>";
		};
		3F439633179EC5B70062D9C9 /* Navigate */ = {
			isa = PBXGroup;
			children = (
				6960B69317B098B30058387D /* Contacts */,
				6960B67517AF71270058387D /* Email */,
				6960B66E17AF70A40058387D /* FacebookFriends */,
				6960B66417AF6ECB0058387D /* Options */,
				695EEF5E17ABA4D500E54ECF /* PlayAnimation */,
				695EEF5D17ABA4A200E54ECF /* PlayCombo */,
				695EEF4E17AB8D2400E54ECF /* FeedBack */,
				692058CB17AA615000AECC4F /* PlayOutcome */,
				6920585017A8E09500AECC4F /* StartNewGame */,
				6920584817A8DF8E00AECC4F /* ForgotPassword */,
				6920582D17A7A90400AECC4F /* PlaySelection */,
				6920582917A7A5C600AECC4F /* GameSummary */,
				698A6F1F17A11A8C00BC1B05 /* Playbook */,
				698A6F1B17A119A100BC1B05 /* Home */,
				3F439634179EC5B70062D9C9 /* Login */,
				3F43963B179EC5B70062D9C9 /* SignUp */,
			);
			path = Navigate;
			sourceTree = "<group>";
		};
		3F439634179EC5B70062D9C9 /* Login */ = {
			isa = PBXGroup;
			children = (
				019001AF17ABA61D00631C54 /* VSFIndicatorView.h */,
				019001AD17ABA61300631C54 /* VSFIndicatorView.m */,
				69AF163A17A64F4E008B93DC /* VSFVerifyEmailView.h */,
				69AF163B17A64F4E008B93DC /* VSFVerifyEmailView.m */,
				3F439639179EC5B70062D9C9 /* VSFLoginViewController.h */,
				3F43963A179EC5B70062D9C9 /* VSFLoginViewController.m */,
				3F439635179EC5B70062D9C9 /* VSFLoginProcess.h */,
				3F439636179EC5B70062D9C9 /* VSFLoginProcess.m */,
			);
			path = Login;
			sourceTree = "<group>";
		};
		3F43963B179EC5B70062D9C9 /* SignUp */ = {
			isa = PBXGroup;
			children = (
				3F43963C179EC5B70062D9C9 /* VSFSignUpViewController.h */,
				3F43963D179EC5B70062D9C9 /* VSFSignUpViewController.m */,
				3F439645179EC6080062D9C9 /* VSFSignUpProcess.h */,
				3F439646179EC6080062D9C9 /* VSFSignUpProcess.m */,
			);
			path = SignUp;
			sourceTree = "<group>";
		};
		3F439648179EC67B0062D9C9 /* CommonDefine */ = {
			isa = PBXGroup;
			children = (
				698A6F0A17A10D4B00BC1B05 /* VSFCommonDefine.h */,
			);
			path = CommonDefine;
			sourceTree = "<group>";
		};
		3F439649179EC67B0062D9C9 /* Entity */ = {
			isa = PBXGroup;
			children = (
				40A83C6F179FBCF100198B81 /* VSFSignUpEntity.h */,
				40A83C70179FBCF200198B81 /* VSFSignUpEntity.m */,
				3F43964A179ECC660062D9C9 /* VSFResponseEntity.h */,
				3F43964B179ECC660062D9C9 /* VSFResponseEntity.m */,
				40750AA717A2509D00C5B99F /* VSFLoginResponseEntity.h */,
				40750AA817A2509D00C5B99F /* VSFLoginResponseEntity.m */,
				40750AAA17A2512000C5B99F /* VSFSignUpResponseEntity.h */,
				40750AAB17A2512000C5B99F /* VSFSignUpResponseEntity.m */,
				40750AAD17A251AD00C5B99F /* VSFResendEmailNotificationResponseEntity.h */,
				40750AAE17A251AD00C5B99F /* VSFResendEmailNotificationResponseEntity.m */,
				40750AB017A2523F00C5B99F /* VSFForgotPasswordResponseEntity.h */,
				40750AB117A2524000C5B99F /* VSFForgotPasswordResponseEntity.m */,
			);
			path = Entity;
			sourceTree = "<group>";
		};
		40A732C717AA404D00429175 /* DDMenuController */ = {
			isa = PBXGroup;
			children = (
				40A732C817AA40AF00429175 /* DDMenuController.h */,
				40A732C917AA40AF00429175 /* DDMenuController.m */,
			);
			name = DDMenuController;
			sourceTree = "<group>";
		};
		40A83C4D179ED0D500198B81 /* Reachability */ = {
			isa = PBXGroup;
			children = (
				40A83C4E179ED12700198B81 /* Reachability.h */,
				40A83C4F179ED12700198B81 /* Reachability.m */,
			);
			name = Reachability;
			sourceTree = "<group>";
		};
		40A83C5A179EE00E00198B81 /* Utility */ = {
			isa = PBXGroup;
			children = (
				40A83C5B179EE03A00198B81 /* VSFUtility.h */,
				40A83C5C179EE03A00198B81 /* VSFUtility.m */,
			);
			name = Utility;
			sourceTree = "<group>";
		};
		40A83C8317A0F46D00198B81 /* CustomView */ = {
			isa = PBXGroup;
			children = (
				40A732C717AA404D00429175 /* DDMenuController */,
				6920586517A904F300AECC4F /* EGORefresh */,
				698A6F1817A1189B00BC1B05 /* VSFNavigationController.h */,
				698A6F1917A1189B00BC1B05 /* VSFNavigationController.m */,
				40750AA017A1388700C5B99F /* VSFScoreboardView.h */,
				40750AA117A1388700C5B99F /* VSFScoreboardView.m */,
				69AF164517A66228008B93DC /* VSFPlaylistCell.h */,
				69AF164617A66228008B93DC /* VSFPlaylistCell.m */,
				69AF165A17A68F6D008B93DC /* VSFADBannerView.h */,
				69AF165B17A68F6D008B93DC /* VSFADBannerView.m */,
				6920582117A7861700AECC4F /* VSFScoreView.h */,
				6920582217A7861700AECC4F /* VSFScoreView.m */,
				6920583D17A7C72300AECC4F /* VSFGameSummaryView.h */,
				6920583E17A7C72300AECC4F /* VSFGameSummaryView.m */,
				6920583717A7AA0A00AECC4F /* VSFPlayOutcome.h */,
				6920583817A7AA0B00AECC4F /* VSFPlayOutcome.m */,
				6920589D17A925DC00AECC4F /* VSFCustomSegmentedControl.h */,
				6920589E17A925DD00AECC4F /* VSFCustomSegmentedControl.m */,
			);
			name = CustomView;
			sourceTree = "<group>";
		};
		6920582917A7A5C600AECC4F /* GameSummary */ = {
			isa = PBXGroup;
			children = (
				6920584A17A8E03E00AECC4F /* VSFGameSummaryProcess.h */,
				6920584B17A8E03E00AECC4F /* VSFGameSummaryProcess.m */,
				6920582A17A7A8E300AECC4F /* VSFGameSummaryViewController.h */,
				6920582B17A7A8E300AECC4F /* VSFGameSummaryViewController.m */,
			);
			name = GameSummary;
			sourceTree = "<group>";
		};
		6920582D17A7A90400AECC4F /* PlaySelection */ = {
			isa = PBXGroup;
			children = (
				695EEF6C17ABAF1900E54ECF /* VSFPlaySelectionViewDelegate.h */,
				6920582E17A7A92500AECC4F /* VSFPlaySelectionViewController.h */,
				6920582F17A7A92500AECC4F /* VSFPlaySelectionViewController.m */,
				6920583117A7A94500AECC4F /* VSFPlaySelectionProcess.h */,
				6920583217A7A94500AECC4F /* VSFPlaySelectionProcess.m */,
			);
			name = PlaySelection;
			sourceTree = "<group>";
		};
		6920584817A8DF8E00AECC4F /* ForgotPassword */ = {
			isa = PBXGroup;
			children = (
				6920584D17A8E08700AECC4F /* VSFForgotPasswordViewController.h */,
				6920584E17A8E08700AECC4F /* VSFForgotPasswordViewController.m */,
				6920585A17A8E10D00AECC4F /* VSFForgotPasswordProcess.h */,
				6920585B17A8E10D00AECC4F /* VSFForgotPasswordProcess.m */,
			);
			name = ForgotPassword;
			sourceTree = "<group>";
		};
		6920585017A8E09500AECC4F /* StartNewGame */ = {
			isa = PBXGroup;
			children = (
				6920585417A8E0D100AECC4F /* VSFStartNewGameViewController.h */,
				6920585517A8E0D100AECC4F /* VSFStartNewGameViewController.m */,
				6920585717A8E0E900AECC4F /* VSFStartNewGameProcess.h */,
				6920585817A8E0E900AECC4F /* VSFStartNewGameProcess.m */,
			);
			name = StartNewGame;
			sourceTree = "<group>";
		};
		6920586517A904F300AECC4F /* EGORefresh */ = {
			isa = PBXGroup;
			children = (
				6920586A17A905BD00AECC4F /* EGORefreshTableHeaderView.h */,
				6920586B17A905BD00AECC4F /* EGORefreshTableHeaderView.m */,
			);
			name = EGORefresh;
			sourceTree = "<group>";
		};
		692058CB17AA615000AECC4F /* PlayOutcome */ = {
			isa = PBXGroup;
			children = (
				692058CF17AA6C8900AECC4F /* VSFPlayOutcomeViewController.h */,
				692058D017AA6C8900AECC4F /* VSFPlayOutcomeViewController.m */,
				695EEF5917AB8F7000E54ECF /* VSFPlayOutcomeProcess.h */,
				695EEF5A17AB8F7000E54ECF /* VSFPlayOutcomeProcess.m */,
			);
			name = PlayOutcome;
			sourceTree = "<group>";
		};
		695EEF4E17AB8D2400E54ECF /* FeedBack */ = {
			isa = PBXGroup;
			children = (
				695EEF5317AB8D9900E54ECF /* VSFFeedBackViewController.h */,
				695EEF5417AB8D9900E54ECF /* VSFFeedBackViewController.m */,
				695EEF5617AB8DB700E54ECF /* VSFFeedBackProcess.h */,
				695EEF5717AB8DB700E54ECF /* VSFFeedBackProcess.m */,
			);
			name = FeedBack;
			sourceTree = "<group>";
		};
		695EEF5D17ABA4A200E54ECF /* PlayCombo */ = {
			isa = PBXGroup;
			children = (
				695EEF5F17ABA50000E54ECF /* VSFPlayComboViewController.h */,
				695EEF6017ABA50000E54ECF /* VSFPlayComboViewController.m */,
				695EEF6517ABA52B00E54ECF /* VSFPlayComboProcess.h */,
				695EEF6617ABA52B00E54ECF /* VSFPlayComboProcess.m */,
			);
			name = PlayCombo;
			sourceTree = "<group>";
		};
		695EEF5E17ABA4D500E54ECF /* PlayAnimation */ = {
			isa = PBXGroup;
			children = (
				695EEF6217ABA51100E54ECF /* VSFPlayAnimationViewController.h */,
				695EEF6317ABA51100E54ECF /* VSFPlayAnimationViewController.m */,
			);
			name = PlayAnimation;
			sourceTree = "<group>";
		};
		6960B66417AF6ECB0058387D /* Options */ = {
			isa = PBXGroup;
			children = (
				6960B66B17AF709B0058387D /* VSFOptionsProcess.h */,
				6960B66C17AF709B0058387D /* VSFOptionsProcess.m */,
				6960B66517AF6EE50058387D /* VSFOptionsViewController.h */,
				6960B66617AF6EE50058387D /* VSFOptionsViewController.m */,
			);
			name = Options;
			sourceTree = "<group>";
		};
		6960B66E17AF70A40058387D /* FacebookFriends */ = {
			isa = PBXGroup;
			children = (
				6960B66F17AF70CA0058387D /* VSFFacebookFriendsProcess.h */,
				6960B67017AF70CA0058387D /* VSFFacebookFriendsProcess.m */,
				6960B67217AF70E70058387D /* VSFFacebookFriendsViewController.h */,
				6960B67317AF70E70058387D /* VSFFacebookFriendsViewController.m */,
			);
			name = FacebookFriends;
			sourceTree = "<group>";
		};
		6960B67517AF71270058387D /* Email */ = {
			isa = PBXGroup;
			children = (
				6960B67617AF71370058387D /* VSFEmailViewController.h */,
				6960B67717AF71370058387D /* VSFEmailViewController.m */,
				6960B67917AF714E0058387D /* VSFEmailProcess.h */,
				6960B67A17AF714E0058387D /* VSFEmailProcess.m */,
			);
			name = Email;
			sourceTree = "<group>";
		};
		6960B69317B098B30058387D /* Contacts */ = {
			isa = PBXGroup;
			children = (
				6960B69417B098E30058387D /* VSFContactsProcess.h */,
				6960B69517B098E30058387D /* VSFContactsProcess.m */,
				6960B69717B098F60058387D /* VSFContactsViewController.h */,
				6960B69817B098F60058387D /* VSFContactsViewController.m */,
			);
			name = Contacts;
			sourceTree = "<group>";
		};
		698A6ED517A0EDDC00BC1B05 /* Flurry */ = {
			isa = PBXGroup;
			children = (
				698A6F1217A1165B00BC1B05 /* libFlurry_4.2.2.a */,
				40A83C8C17A0F4FD00198B81 /* Flurry.h */,
			);
			name = Flurry;
			sourceTree = "<group>";
		};
		698A6F1B17A119A100BC1B05 /* Home */ = {
			isa = PBXGroup;
			children = (
				698A6F2017A11AB900BC1B05 /* VSFHomeViewController.h */,
				698A6F2117A11AB900BC1B05 /* VSFHomeViewController.m */,
				698A6F2917A11AFF00BC1B05 /* VSFHomeProcess.h */,
				698A6F2A17A11AFF00BC1B05 /* VSFHomeProcess.m */,
			);
			name = Home;
			sourceTree = "<group>";
		};
		698A6F1F17A11A8C00BC1B05 /* Playbook */ = {
			isa = PBXGroup;
			children = (
				698A6F2317A11ACE00BC1B05 /* VSFPlaybookViewController.h */,
				698A6F2417A11ACE00BC1B05 /* VSFPlaybookViewController.m */,
				698A6F2617A11AE700BC1B05 /* VSFPlaybookProcess.h */,
				698A6F2717A11AE800BC1B05 /* VSFPlaybookProcess.m */,
				69CF3CF117A1351B0034BE22 /* VSFStoreProcess.h */,
				69CF3CF217A1351B0034BE22 /* VSFStoreProcess.m */,
			);
			name = Playbook;
			sourceTree = "<group>";
		};
		698A6F2C17A11E6900BC1B05 /* Singleton */ = {
			isa = PBXGroup;
			children = (
				698A6F2D17A11E9900BC1B05 /* VSFSingleton.h */,
				698A6F2E17A11E9900BC1B05 /* VSFSingleton.m */,
			);
			name = Singleton;
			sourceTree = "<group>";
		};
/* End PBXGroup section */

/* Begin PBXNativeTarget section */
		396042ED179E3B2600DAA8ED /* VsFootball */ = {
			isa = PBXNativeTarget;
			buildConfigurationList = 39604311179E3B2600DAA8ED /* Build configuration list for PBXNativeTarget "VsFootball" */;
			buildPhases = (
				396042EA179E3B2600DAA8ED /* Sources */,
				396042EB179E3B2600DAA8ED /* Frameworks */,
				396042EC179E3B2600DAA8ED /* Resources */,
			);
			buildRules = (
			);
			dependencies = (
			);
			name = VsFootball;
			productName = VsFootball;
			productReference = 396042EE179E3B2600DAA8ED /* VsFootball.app */;
			productType = "com.apple.product-type.application";
		};
/* End PBXNativeTarget section */

/* Begin PBXProject section */
		396042E6179E3B2600DAA8ED /* Project object */ = {
			isa = PBXProject;
			attributes = {
				CLASSPREFIX = VSF;
				LastUpgradeCheck = 0460;
				ORGANIZATIONNAME = engagemobile;
			};
			buildConfigurationList = 396042E9179E3B2600DAA8ED /* Build configuration list for PBXProject "VsFootball" */;
			compatibilityVersion = "Xcode 3.2";
			developmentRegion = English;
			hasScannedForEncodings = 0;
			knownRegions = (
				en,
			);
			mainGroup = 396042E5179E3B2600DAA8ED;
			productRefGroup = 396042EF179E3B2600DAA8ED /* Products */;
			projectDirPath = "";
			projectRoot = "";
			targets = (
				396042ED179E3B2600DAA8ED /* VsFootball */,
			);
		};
/* End PBXProject section */

/* Begin PBXResourcesBuildPhase section */
		396042EC179E3B2600DAA8ED /* Resources */ = {
			isa = PBXResourcesBuildPhase;
			buildActionMask = 2147483647;
			files = (
				396042FC179E3B2600DAA8ED /* InfoPlist.strings in Resources */,
				3960430B179E3B2600DAA8ED /* MainStoryboard.storyboard in Resources */,
				3F61683D17A2CA1100496BC8 /* bg_1.jpg in Resources */,
				40A72BBC17A672FF00429175 /* add_icon.png in Resources */,
				40A72BBD17A672FF00429175 /* menu_icon.png in Resources */,
				6920582717A7931A00AECC4F /* blackCircle.png in Resources */,
				6920582817A7931A00AECC4F /* orange_circle.png in Resources */,
				012805A517A8E9A8005AA61B /* checkbutton.png in Resources */,
				6920587517A9063200AECC4F /* blackArrow.png in Resources */,
				6920587617A9063200AECC4F /* blackArrow@2x.png in Resources */,
				6920587717A9063200AECC4F /* blueArrow.png in Resources */,
				6920587817A9063200AECC4F /* blueArrow@2x.png in Resources */,
				6920587917A9063200AECC4F /* grayArrow.png in Resources */,
				6920587A17A9063200AECC4F /* grayArrow@2x.png in Resources */,
				6920587B17A9063200AECC4F /* whiteArrow.png in Resources */,
				6920587C17A9063200AECC4F /* whiteArrow@2x.png in Resources */,
				6920588917A91B8F00AECC4F /* 0.png in Resources */,
				6920588A17A91B8F00AECC4F /* 1.png in Resources */,
				6920588B17A91B8F00AECC4F /* 2.png in Resources */,
				6920588C17A91B8F00AECC4F /* 3.png in Resources */,
				6920588D17A91B8F00AECC4F /* 4.png in Resources */,
				6920588E17A91B8F00AECC4F /* 5.png in Resources */,
				6920588F17A91B8F00AECC4F /* 6.png in Resources */,
				6920589017A91B8F00AECC4F /* 7.png in Resources */,
				6920589117A91B8F00AECC4F /* 8.png in Resources */,
				6920589217A91B8F00AECC4F /* 9.png in Resources */,
				6920589317A91B8F00AECC4F /* border.png in Resources */,
				40A732D317AA5D9400429175 /* chat_icon.png in Resources */,
				40A732D417AA5D9400429175 /* nav_menu_icon@2x.png in Resources */,
				692058B117AA18CD00AECC4F /* summary.png in Resources */,
				692058B817AA49CE00AECC4F /* board.png in Resources */,
				692058BA17AA49D900AECC4F /* tactics.png in Resources */,
				692058E717AA87F500AECC4F /* Default.png in Resources */,
				692058E917AA881100AECC4F /* Default@2x.png in Resources */,
				692058EB17AA881A00AECC4F /* Default-568h@2x.png in Resources */,
				692058ED17AA88AC00AECC4F /* no_number.png in Resources */,
				695EEF7217ABCD0200E54ECF /* 57.png in Resources */,
				695EEF7717ABCFD700E54ECF /* 114.png in Resources */,
			);
			runOnlyForDeploymentPostprocessing = 0;
		};
/* End PBXResourcesBuildPhase section */

/* Begin PBXSourcesBuildPhase section */
		396042EA179E3B2600DAA8ED /* Sources */ = {
			isa = PBXSourcesBuildPhase;
			buildActionMask = 2147483647;
			files = (
				396042FE179E3B2600DAA8ED /* main.m in Sources */,
				39604302179E3B2600DAA8ED /* VSFAppDelegate.m in Sources */,
				3960430E179E3B2600DAA8ED /* VSFViewController.m in Sources */,
				3F4395E1179EAB630062D9C9 /* JSONKit.m in Sources */,
				3F439603179EBBAC0062D9C9 /* ASIAuthenticationDialog.m in Sources */,
				3F439604179EBBAC0062D9C9 /* ASIDataCompressor.m in Sources */,
				3F439605179EBBAC0062D9C9 /* ASIDataDecompressor.m in Sources */,
				3F439606179EBBAC0062D9C9 /* ASIDownloadCache.m in Sources */,
				3F439607179EBBAC0062D9C9 /* ASIFormDataRequest.m in Sources */,
				3F439608179EBBAC0062D9C9 /* ASIHTTPRequest.m in Sources */,
				3F439609179EBBAC0062D9C9 /* ASIInputStream.m in Sources */,
				3F43960A179EBBAC0062D9C9 /* ASINetworkQueue.m in Sources */,
				3F43963E179EC5B70062D9C9 /* VSFLoginProcess.m in Sources */,
				3F439640179EC5B70062D9C9 /* VSFLoginViewController.m in Sources */,
				3F439641179EC5B70062D9C9 /* VSFSignUpViewController.m in Sources */,
				3F439647179EC6080062D9C9 /* VSFSignUpProcess.m in Sources */,
				3F43964C179ECC660062D9C9 /* VSFResponseEntity.m in Sources */,
				40A83C50179ED12700198B81 /* Reachability.m in Sources */,
				40A83C59179ED4C100198B81 /* VSFNetwork.m in Sources */,
				40A83C5D179EE03A00198B81 /* VSFUtility.m in Sources */,
				40A83C72179FBCF300198B81 /* VSFSignUpEntity.m in Sources */,
				698A6F1A17A1189C00BC1B05 /* VSFNavigationController.m in Sources */,
				698A6F2217A11AB900BC1B05 /* VSFHomeViewController.m in Sources */,
				698A6F2517A11ACE00BC1B05 /* VSFPlaybookViewController.m in Sources */,
				698A6F2817A11AE900BC1B05 /* VSFPlaybookProcess.m in Sources */,
				698A6F2B17A11AFF00BC1B05 /* VSFHomeProcess.m in Sources */,
				698A6F2F17A11E9900BC1B05 /* VSFSingleton.m in Sources */,
				69CF3CF317A1351B0034BE22 /* VSFStoreProcess.m in Sources */,
				40750AA217A1388700C5B99F /* VSFScoreboardView.m in Sources */,
				40750AA917A2509D00C5B99F /* VSFLoginResponseEntity.m in Sources */,
				40750AAC17A2512000C5B99F /* VSFSignUpResponseEntity.m in Sources */,
				40750AAF17A251AD00C5B99F /* VSFResendEmailNotificationResponseEntity.m in Sources */,
				40750AB217A2524000C5B99F /* VSFForgotPasswordResponseEntity.m in Sources */,
				69AF163C17A64F4F008B93DC /* VSFVerifyEmailView.m in Sources */,
				69AF164717A66228008B93DC /* VSFPlaylistCell.m in Sources */,
				69AF165C17A68F6D008B93DC /* VSFADBannerView.m in Sources */,
				6920582317A7861700AECC4F /* VSFScoreView.m in Sources */,
				6920582C17A7A8E300AECC4F /* VSFGameSummaryViewController.m in Sources */,
				6920583017A7A92500AECC4F /* VSFPlaySelectionViewController.m in Sources */,
				6920583317A7A94500AECC4F /* VSFPlaySelectionProcess.m in Sources */,
				6920583917A7AA0B00AECC4F /* VSFPlayOutcome.m in Sources */,
				6920583F17A7C72400AECC4F /* VSFGameSummaryView.m in Sources */,
				6920584C17A8E03E00AECC4F /* VSFGameSummaryProcess.m in Sources */,
				6920584F17A8E08700AECC4F /* VSFForgotPasswordViewController.m in Sources */,
				6920585617A8E0D100AECC4F /* VSFStartNewGameViewController.m in Sources */,
				6920585917A8E0E900AECC4F /* VSFStartNewGameProcess.m in Sources */,
				6920585C17A8E10D00AECC4F /* VSFForgotPasswordProcess.m in Sources */,
				6920586C17A905BD00AECC4F /* EGORefreshTableHeaderView.m in Sources */,
				6920589F17A925DE00AECC4F /* VSFCustomSegmentedControl.m in Sources */,
				692058D117AA6C8900AECC4F /* VSFPlayOutcomeViewController.m in Sources */,
				40A732CA17AA40AF00429175 /* DDMenuController.m in Sources */,
				695EEF5517AB8D9900E54ECF /* VSFFeedBackViewController.m in Sources */,
				695EEF5817AB8DB700E54ECF /* VSFFeedBackProcess.m in Sources */,
				695EEF5B17AB8F7000E54ECF /* VSFPlayOutcomeProcess.m in Sources */,
				695EEF6117ABA50000E54ECF /* VSFPlayComboViewController.m in Sources */,
				695EEF6417ABA51100E54ECF /* VSFPlayAnimationViewController.m in Sources */,
				695EEF6717ABA52B00E54ECF /* VSFPlayComboProcess.m in Sources */,
				019001AE17ABA61300631C54 /* VSFIndicatorView.m in Sources */,
				39B5FCDF17AEFB480075E1E7 /* Threads.cpp in Sources */,
				39B5FCE017AEFB480075E1E7 /* VsfMain.cpp in Sources */,
				6960B66717AF6EE50058387D /* VSFOptionsViewController.m in Sources */,
				6960B66D17AF709B0058387D /* VSFOptionsProcess.m in Sources */,
				6960B67117AF70CA0058387D /* VSFFacebookFriendsProcess.m in Sources */,
				6960B67417AF70E70058387D /* VSFFacebookFriendsViewController.m in Sources */,
				6960B67817AF71370058387D /* VSFEmailViewController.m in Sources */,
				6960B67B17AF714E0058387D /* VSFEmailProcess.m in Sources */,
				6960B69617B098E30058387D /* VSFContactsProcess.m in Sources */,
				6960B69917B098F60058387D /* VSFContactsViewController.m in Sources */,
			);
			runOnlyForDeploymentPostprocessing = 0;
		};
/* End PBXSourcesBuildPhase section */

/* Begin PBXVariantGroup section */
		396042FA179E3B2600DAA8ED /* InfoPlist.strings */ = {
			isa = PBXVariantGroup;
			children = (
				396042FB179E3B2600DAA8ED /* en */,
			);
			name = InfoPlist.strings;
			sourceTree = "<group>";
		};
		39604309179E3B2600DAA8ED /* MainStoryboard.storyboard */ = {
			isa = PBXVariantGroup;
			children = (
				3960430A179E3B2600DAA8ED /* en */,
			);
			name = MainStoryboard.storyboard;
			sourceTree = "<group>";
		};
/* End PBXVariantGroup section */

/* Begin XCBuildConfiguration section */
		3960430F179E3B2600DAA8ED /* Debug */ = {
			isa = XCBuildConfiguration;
			buildSettings = {
				ALWAYS_SEARCH_USER_PATHS = NO;
				CLANG_CXX_LANGUAGE_STANDARD = "gnu++0x";
				CLANG_CXX_LIBRARY = "libc++";
				CLANG_ENABLE_OBJC_ARC = YES;
				CLANG_WARN_CONSTANT_CONVERSION = YES;
				CLANG_WARN_EMPTY_BODY = YES;
				CLANG_WARN_ENUM_CONVERSION = YES;
				CLANG_WARN_INT_CONVERSION = YES;
				CLANG_WARN__DUPLICATE_METHOD_MATCH = YES;
				"CODE_SIGN_IDENTITY[sdk=iphoneos*]" = "iPhone Developer";
				COPY_PHASE_STRIP = NO;
				GCC_C_LANGUAGE_STANDARD = gnu99;
				GCC_DYNAMIC_NO_PIC = NO;
				GCC_OPTIMIZATION_LEVEL = 0;
				GCC_PREPROCESSOR_DEFINITIONS = (
					"DEBUG=1",
					"$(inherited)",
				);
				GCC_SYMBOLS_PRIVATE_EXTERN = NO;
				GCC_WARN_ABOUT_RETURN_TYPE = YES;
				GCC_WARN_UNINITIALIZED_AUTOS = YES;
				GCC_WARN_UNUSED_VARIABLE = YES;
				IPHONEOS_DEPLOYMENT_TARGET = 6.1;
				ONLY_ACTIVE_ARCH = YES;
				SDKROOT = iphoneos;
			};
			name = Debug;
		};
		39604310179E3B2600DAA8ED /* Release */ = {
			isa = XCBuildConfiguration;
			buildSettings = {
				ALWAYS_SEARCH_USER_PATHS = NO;
				CLANG_CXX_LANGUAGE_STANDARD = "gnu++0x";
				CLANG_CXX_LIBRARY = "libc++";
				CLANG_ENABLE_OBJC_ARC = YES;
				CLANG_WARN_CONSTANT_CONVERSION = YES;
				CLANG_WARN_EMPTY_BODY = YES;
				CLANG_WARN_ENUM_CONVERSION = YES;
				CLANG_WARN_INT_CONVERSION = YES;
				CLANG_WARN__DUPLICATE_METHOD_MATCH = YES;
				"CODE_SIGN_IDENTITY[sdk=iphoneos*]" = "iPhone Developer";
				COPY_PHASE_STRIP = YES;
				GCC_C_LANGUAGE_STANDARD = gnu99;
				GCC_WARN_ABOUT_RETURN_TYPE = YES;
				GCC_WARN_UNINITIALIZED_AUTOS = YES;
				GCC_WARN_UNUSED_VARIABLE = YES;
				IPHONEOS_DEPLOYMENT_TARGET = 6.1;
				OTHER_CFLAGS = "-DNS_BLOCK_ASSERTIONS=1";
				SDKROOT = iphoneos;
				VALIDATE_PRODUCT = YES;
			};
			name = Release;
		};
		39604312179E3B2600DAA8ED /* Debug */ = {
			isa = XCBuildConfiguration;
			buildSettings = {
				FRAMEWORK_SEARCH_PATHS = (
					"$(inherited)",
					"\"$(SRCROOT)\"",
				);
				GCC_PRECOMPILE_PREFIX_HEADER = YES;
				GCC_PREFIX_HEADER = "VsFootball/VsFootball-Prefix.pch";
				INFOPLIST_FILE = "VsFootball/VsFootball-Info.plist";
				IPHONEOS_DEPLOYMENT_TARGET = 5.0;
				LIBRARY_SEARCH_PATHS = (
					"$(inherited)",
					"\"$(SRCROOT)/VsFootball/Common\"",
					"\"$(SRCROOT)/../../../Downloads\"",
					"\"$(SRCROOT)/VsFootball/Common/Flurry\"",
					"\"$(SRCROOT)/../../core/android_so/obj/local/armeabi\"",
					"\"$(SRCROOT)/../../core/android_so/obj/local/armeabi-v7a\"",
				);
				PRODUCT_NAME = "$(TARGET_NAME)";
				WRAPPER_EXTENSION = app;
			};
			name = Debug;
		};
		39604313179E3B2600DAA8ED /* Release */ = {
			isa = XCBuildConfiguration;
			buildSettings = {
				FRAMEWORK_SEARCH_PATHS = (
					"$(inherited)",
					"\"$(SRCROOT)\"",
				);
				GCC_PRECOMPILE_PREFIX_HEADER = YES;
				GCC_PREFIX_HEADER = "VsFootball/VsFootball-Prefix.pch";
				INFOPLIST_FILE = "VsFootball/VsFootball-Info.plist";
				IPHONEOS_DEPLOYMENT_TARGET = 5.0;
				LIBRARY_SEARCH_PATHS = (
					"$(inherited)",
					"\"$(SRCROOT)/VsFootball/Common\"",
					"\"$(SRCROOT)/../../../Downloads\"",
					"\"$(SRCROOT)/VsFootball/Common/Flurry\"",
					"\"$(SRCROOT)/../../core/android_so/obj/local/armeabi\"",
					"\"$(SRCROOT)/../../core/android_so/obj/local/armeabi-v7a\"",
				);
				PRODUCT_NAME = "$(TARGET_NAME)";
				WRAPPER_EXTENSION = app;
			};
			name = Release;
		};
/* End XCBuildConfiguration section */

/* Begin XCConfigurationList section */
		396042E9179E3B2600DAA8ED /* Build configuration list for PBXProject "VsFootball" */ = {
			isa = XCConfigurationList;
			buildConfigurations = (
				3960430F179E3B2600DAA8ED /* Debug */,
				39604310179E3B2600DAA8ED /* Release */,
			);
			defaultConfigurationIsVisible = 0;
			defaultConfigurationName = Release;
		};
		39604311179E3B2600DAA8ED /* Build configuration list for PBXNativeTarget "VsFootball" */ = {
			isa = XCConfigurationList;
			buildConfigurations = (
				39604312179E3B2600DAA8ED /* Debug */,
				39604313179E3B2600DAA8ED /* Release */,
			);
			defaultConfigurationIsVisible = 0;
			defaultConfigurationName = Release;
		};
/* End XCConfigurationList section */
	};
	rootObject = 396042E6179E3B2600DAA8ED /* Project object */;
}
